
Microsoft Visual Studio Solution File, Format Version 12.00
# Visual Studio Version 17
VisualStudioVersion = 17.0.32014.148
MinimumVisualStudioVersion = 10.0.40219.1
Project("{8BC9CEB8-8B4A-11D0-8D11-00A0C91BC942}") = "ToTalProject", "ToTalProject.vcxproj", "{BD1BE331-69FE-4DB8-BEA9-37E20F743566}"
EndProject
Project("{2150E333-8FDC-42A3-9474-1A3956D46DE8}") = "DX", "DX", "{A70B7A18-2142-47F7-B8A2-994EFA54C8F2}"
EndProject
Project("{8BC9CEB8-8B4A-11D0-8D11-00A0C91BC942}") = "CreateTriangle", "..\CreateTriangle\CreateTriangle.vcxproj", "{2BA7458F-369C-4480-B875-937886B3BC89}"
EndProject
Project("{8BC9CEB8-8B4A-11D0-8D11-00A0C91BC942}") = "CreateWindow", "..\CreateWindow\CreateWindow.vcxproj", "{0F5E99CB-1DEA-4C51-8A18-B1462CBFDBE8}"
EndProject
Project("{8BC9CEB8-8B4A-11D0-8D11-00A0C91BC942}") = "p2_CreateWindow", "..\p2_CreateWindow\p2_CreateWindow.vcxproj", "{66496B34-B9EF-4D07-B5C3-B3E19314C69D}"
EndProject
Project("{8BC9CEB8-8B4A-11D0-8D11-00A0C91BC942}") = "P2_CreateWindow2", "..\P2_CreateWindow2\P2_CreateWindow2.vcxproj", "{6D38B31B-510F-4BA7-8071-273DFAA3965B}"
EndProject
Project("{8BC9CEB8-8B4A-11D0-8D11-00A0C91BC942}") = "P3_CreateDevice", "..\P3_CreateDevice\P3_CreateDevice.vcxproj", "{14A0A902-C0F4-4E13-8883-B57592AB5DE9}"
EndProject
Project("{8BC9CEB8-8B4A-11D0-8D11-00A0C91BC942}") = "P3_CreateDevice_0", "..\P3_CreateDevice_0\P3_CreateDevice_0.vcxproj", "{572796F6-A559-4817-9F5B-9107C3563C21}"
EndProject
Project("{8BC9CEB8-8B4A-11D0-8D11-00A0C91BC942}") = "CreateTriangle1", "..\CreateTriangle1\CreateTriangle1.vcxproj", "{7B87C572-8A6A-478F-8FAE-807134504F8C}"
EndProject
Project("{8BC9CEB8-8B4A-11D0-8D11-00A0C91BC942}") = "Octree", "..\Octree\Octree.vcxproj", "{836797C6-A979-4AF3-9EAA-C2F7E6A2C563}"
EndProject
Global
	GlobalSection(SolutionConfigurationPlatforms) = preSolution
		Debug|x64 = Debug|x64
		Debug|x86 = Debug|x86
		Release|x64 = Release|x64
		Release|x86 = Release|x86
	EndGlobalSection
	GlobalSection(ProjectConfigurationPlatforms) = postSolution
		{BD1BE331-69FE-4DB8-BEA9-37E20F743566}.Debug|x64.ActiveCfg = Debug|x64
		{BD1BE331-69FE-4DB8-BEA9-37E20F743566}.Debug|x64.Build.0 = Debug|x64
		{BD1BE331-69FE-4DB8-BEA9-37E20F743566}.Debug|x86.ActiveCfg = Debug|Win32
		{BD1BE331-69FE-4DB8-BEA9-37E20F743566}.Debug|x86.Build.0 = Debug|Win32
		{BD1BE331-69FE-4DB8-BEA9-37E20F743566}.Release|x64.ActiveCfg = Release|x64
		{BD1BE331-69FE-4DB8-BEA9-37E20F743566}.Release|x64.Build.0 = Release|x64
		{BD1BE331-69FE-4DB8-BEA9-37E20F743566}.Release|x86.ActiveCfg = Release|Win32
		{BD1BE331-69FE-4DB8-BEA9-37E20F743566}.Release|x86.Build.0 = Release|Win32
		{2BA7458F-369C-4480-B875-937886B3BC89}.Debug|x64.ActiveCfg = Debug|x64
		{2BA7458F-369C-4480-B875-937886B3BC89}.Debug|x64.Build.0 = Debug|x64
		{2BA7458F-369C-4480-B875-937886B3BC89}.Debug|x86.ActiveCfg = Debug|Win32
		{2BA7458F-369C-4480-B875-937886B3BC89}.Debug|x86.Build.0 = Debug|Win32
		{2BA7458F-369C-4480-B875-937886B3BC89}.Release|x64.ActiveCfg = Release|x64
		{2BA7458F-369C-4480-B875-937886B3BC89}.Release|x64.Build.0 = Release|x64
		{2BA7458F-369C-4480-B875-937886B3BC89}.Release|x86.ActiveCfg = Release|Win32
		{2BA7458F-369C-4480-B875-937886B3BC89}.Release|x86.Build.0 = Release|Win32
		{0F5E99CB-1DEA-4C51-8A18-B1462CBFDBE8}.Debug|x64.ActiveCfg = Debug|x64
		{0F5E99CB-1DEA-4C51-8A18-B1462CBFDBE8}.Debug|x64.Build.0 = Debug|x64
		{0F5E99CB-1DEA-4C51-8A18-B1462CBFDBE8}.Debug|x86.ActiveCfg = Debug|Win32
		{0F5E99CB-1DEA-4C51-8A18-B1462CBFDBE8}.Debug|x86.Build.0 = Debug|Win32
		{0F5E99CB-1DEA-4C51-8A18-B1462CBFDBE8}.Release|x64.ActiveCfg = Release|x64
		{0F5E99CB-1DEA-4C51-8A18-B1462CBFDBE8}.Release|x64.Build.0 = Release|x64
		{0F5E99CB-1DEA-4C51-8A18-B1462CBFDBE8}.Release|x86.ActiveCfg = Release|Win32
		{0F5E99CB-1DEA-4C51-8A18-B1462CBFDBE8}.Release|x86.Build.0 = Release|Win32
		{66496B34-B9EF-4D07-B5C3-B3E19314C69D}.Debug|x64.ActiveCfg = Debug|x64
		{66496B34-B9EF-4D07-B5C3-B3E19314C69D}.Debug|x64.Build.0 = Debug|x64
		{66496B34-B9EF-4D07-B5C3-B3E19314C69D}.Debug|x86.ActiveCfg = Debug|Win32
		{66496B34-B9EF-4D07-B5C3-B3E19314C69D}.Debug|x86.Build.0 = Debug|Win32
		{66496B34-B9EF-4D07-B5C3-B3E19314C69D}.Release|x64.ActiveCfg = Release|x64
		{66496B34-B9EF-4D07-B5C3-B3E19314C69D}.Release|x64.Build.0 = Release|x64
		{66496B34-B9EF-4D07-B5C3-B3E19314C69D}.Release|x86.ActiveCfg = Release|Win32
		{66496B34-B9EF-4D07-B5C3-B3E19314C69D}.Release|x86.Build.0 = Release|Win32
		{6D38B31B-510F-4BA7-8071-273DFAA3965B}.Debug|x64.ActiveCfg = Debug|x64
		{6D38B31B-510F-4BA7-8071-273DFAA3965B}.Debug|x64.Build.0 = Debug|x64
		{6D38B31B-510F-4BA7-8071-273DFAA3965B}.Debug|x86.ActiveCfg = Debug|Win32
		{6D38B31B-510F-4BA7-8071-273DFAA3965B}.Debug|x86.Build.0 = Debug|Win32
		{6D38B31B-510F-4BA7-8071-273DFAA3965B}.Release|x64.ActiveCfg = Release|x64
		{6D38B31B-510F-4BA7-8071-273DFAA3965B}.Release|x64.Build.0 = Release|x64
		{6D38B31B-510F-4BA7-8071-273DFAA3965B}.Release|x86.ActiveCfg = Release|Win32
		{6D38B31B-510F-4BA7-8071-273DFAA3965B}.Release|x86.Build.0 = Release|Win32
		{14A0A902-C0F4-4E13-8883-B57592AB5DE9}.Debug|x64.ActiveCfg = Debug|x64
		{14A0A902-C0F4-4E13-8883-B57592AB5DE9}.Debug|x64.Build.0 = Debug|x64
		{14A0A902-C0F4-4E13-8883-B57592AB5DE9}.Debug|x86.ActiveCfg = Debug|Win32
		{14A0A902-C0F4-4E13-8883-B57592AB5DE9}.Debug|x86.Build.0 = Debug|Win32
		{14A0A902-C0F4-4E13-8883-B57592AB5DE9}.Release|x64.ActiveCfg = Release|x64
		{14A0A902-C0F4-4E13-8883-B57592AB5DE9}.Release|x64.Build.0 = Release|x64
		{14A0A902-C0F4-4E13-8883-B57592AB5DE9}.Release|x86.ActiveCfg = Release|Win32
		{14A0A902-C0F4-4E13-8883-B57592AB5DE9}.Release|x86.Build.0 = Release|Win32
		{572796F6-A559-4817-9F5B-9107C3563C21}.Debug|x64.ActiveCfg = Debug|x64
		{572796F6-A559-4817-9F5B-9107C3563C21}.Debug|x64.Build.0 = Debug|x64
		{572796F6-A559-4817-9F5B-9107C3563C21}.Debug|x86.ActiveCfg = Debug|Win32
		{572796F6-A559-4817-9F5B-9107C3563C21}.Debug|x86.Build.0 = Debug|Win32
		{572796F6-A559-4817-9F5B-9107C3563C21}.Release|x64.ActiveCfg = Release|x64
		{572796F6-A559-4817-9F5B-9107C3563C21}.Release|x64.Build.0 = Release|x64
		{572796F6-A559-4817-9F5B-9107C3563C21}.Release|x86.ActiveCfg = Release|Win32
		{572796F6-A559-4817-9F5B-9107C3563C21}.Release|x86.Build.0 = Release|Win32
		{7B87C572-8A6A-478F-8FAE-807134504F8C}.Debug|x64.ActiveCfg = Debug|x64
		{7B87C572-8A6A-478F-8FAE-807134504F8C}.Debug|x64.Build.0 = Debug|x64
		{7B87C572-8A6A-478F-8FAE-807134504F8C}.Debug|x86.ActiveCfg = Debug|Win32
		{7B87C572-8A6A-478F-8FAE-807134504F8C}.Debug|x86.Build.0 = Debug|Win32
		{7B87C572-8A6A-478F-8FAE-807134504F8C}.Release|x64.ActiveCfg = Release|x64
		{7B87C572-8A6A-478F-8FAE-807134504F8C}.Release|x64.Build.0 = Release|x64
		{7B87C572-8A6A-478F-8FAE-807134504F8C}.Release|x86.ActiveCfg = Release|Win32
		{7B87C572-8A6A-478F-8FAE-807134504F8C}.Release|x86.Build.0 = Release|Win32
		{836797C6-A979-4AF3-9EAA-C2F7E6A2C563}.Debug|x64.ActiveCfg = Debug|x64
		{836797C6-A979-4AF3-9EAA-C2F7E6A2C563}.Debug|x64.Build.0 = Debug|x64
		{836797C6-A979-4AF3-9EAA-C2F7E6A2C563}.Debug|x86.ActiveCfg = Debug|Win32
		{836797C6-A979-4AF3-9EAA-C2F7E6A2C563}.Debug|x86.Build.0 = Debug|Win32
		{836797C6-A979-4AF3-9EAA-C2F7E6A2C563}.Release|x64.ActiveCfg = Release|x64
		{836797C6-A979-4AF3-9EAA-C2F7E6A2C563}.Release|x64.Build.0 = Release|x64
		{836797C6-A979-4AF3-9EAA-C2F7E6A2C563}.Release|x86.ActiveCfg = Release|Win32
		{836797C6-A979-4AF3-9EAA-C2F7E6A2C563}.Release|x86.Build.0 = Release|Win32
	EndGlobalSection
	GlobalSection(SolutionProperties) = preSolution
		HideSolutionNode = FALSE
	EndGlobalSection
	GlobalSection(NestedProjects) = preSolution
		{2BA7458F-369C-4480-B875-937886B3BC89} = {A70B7A18-2142-47F7-B8A2-994EFA54C8F2}
		{0F5E99CB-1DEA-4C51-8A18-B1462CBFDBE8} = {A70B7A18-2142-47F7-B8A2-994EFA54C8F2}
		{66496B34-B9EF-4D07-B5C3-B3E19314C69D} = {A70B7A18-2142-47F7-B8A2-994EFA54C8F2}
		{6D38B31B-510F-4BA7-8071-273DFAA3965B} = {A70B7A18-2142-47F7-B8A2-994EFA54C8F2}
		{14A0A902-C0F4-4E13-8883-B57592AB5DE9} = {A70B7A18-2142-47F7-B8A2-994EFA54C8F2}
		{572796F6-A559-4817-9F5B-9107C3563C21} = {A70B7A18-2142-47F7-B8A2-994EFA54C8F2}
		{7B87C572-8A6A-478F-8FAE-807134504F8C} = {A70B7A18-2142-47F7-B8A2-994EFA54C8F2}
	EndGlobalSection
	GlobalSection(ExtensibilityGlobals) = postSolution
		SolutionGuid = {0D752930-2124-40CB-A63C-AC8F0B1893C3}
	EndGlobalSection
EndGlobal
