
Microsoft Visual Studio Solution File, Format Version 12.00
# Visual Studio Version 16
VisualStudioVersion = 16.0.32901.82
MinimumVisualStudioVersion = 10.0.40219.1
Project("{8BC9CEB8-8B4A-11D0-8D11-00A0C91BC942}") = "ToTalProject", "ToTalProject.vcxproj", "{BD1BE331-69FE-4DB8-BEA9-37E20F743566}"
EndProject
Project("{2150E333-8FDC-42A3-9474-1A3956D46DE8}") = "DX", "DX", "{A70B7A18-2142-47F7-B8A2-994EFA54C8F2}"
EndProject
Project("{8BC9CEB8-8B4A-11D0-8D11-00A0C91BC942}") = "CreateTriangle", "..\CreateTriangle\CreateTriangle.vcxproj", "{2BA7458F-369C-4480-B875-937886B3BC89}"
EndProject
Project("{8BC9CEB8-8B4A-11D0-8D11-00A0C91BC942}") = "CreateWindow", "..\CreateWindow\CreateWindow.vcxproj", "{0F5E99CB-1DEA-4C51-8A18-B1462CBFDBE8}"
EndProject
Project("{8BC9CEB8-8B4A-11D0-8D11-00A0C91BC942}") = "p2_CreateWindow", "..\p2_CreateWindow\p2_CreateWindow.vcxproj", "{66496B34-B9EF-4D07-B5C3-B3E19314C69D}"
EndProject
Project("{8BC9CEB8-8B4A-11D0-8D11-00A0C91BC942}") = "P2_CreateWindow2", "..\P2_CreateWindow2\P2_CreateWindow2.vcxproj", "{6D38B31B-510F-4BA7-8071-273DFAA3965B}"
EndProject
Project("{8BC9CEB8-8B4A-11D0-8D11-00A0C91BC942}") = "P3_CreateDevice", "..\P3_CreateDevice\P3_CreateDevice.vcxproj", "{14A0A902-C0F4-4E13-8883-B57592AB5DE9}"
EndProject
Project("{8BC9CEB8-8B4A-11D0-8D11-00A0C91BC942}") = "P3_CreateDevice_0", "..\P3_CreateDevice_0\P3_CreateDevice_0.vcxproj", "{572796F6-A559-4817-9F5B-9107C3563C21}"
EndProject
Project("{8BC9CEB8-8B4A-11D0-8D11-00A0C91BC942}") = "CreateTriangle1", "..\CreateTriangle1\CreateTriangle1.vcxproj", "{7B87C572-8A6A-478F-8FAE-807134504F8C}"
EndProject
Project("{8BC9CEB8-8B4A-11D0-8D11-00A0C91BC942}") = "Octree", "..\Octree\Octree.vcxproj", "{836797C6-A979-4AF3-9EAA-C2F7E6A2C563}"
EndProject
Project("{8BC9CEB8-8B4A-11D0-8D11-00A0C91BC942}") = "DrawOctree", "..\DrawOctree\DrawOctree.vcxproj", "{71EE2C0F-8369-443A-AA98-415B34EB4109}"
EndProject
Project("{8BC9CEB8-8B4A-11D0-8D11-00A0C91BC942}") = "DirectXTK_Desktop_2019", "..\DirectXTK-main\DirectXTK_Desktop_2019.vcxproj", "{E0B52AE7-E160-4D32-BF3F-910B785E5A8E}"
EndProject
Project("{8BC9CEB8-8B4A-11D0-8D11-00A0C91BC942}") = "CreateTexture", "..\CreateTextyre\CreateTextyre.vcxproj", "{E24BC0D3-F4A7-4A1F-8969-19E85CA31511}"
EndProject
Project("{8BC9CEB8-8B4A-11D0-8D11-00A0C91BC942}") = "CreateTextureObject", "..\CreateTextureObject\CreateTextureObject.vcxproj", "{7FC0FFED-4B9E-4E09-95D8-F57FC62AC1AA}"
EndProject
Project("{8BC9CEB8-8B4A-11D0-8D11-00A0C91BC942}") = "CreateObject_0", "..\CreateObject_0\CreateObject_0.vcxproj", "{55BAE644-D18C-4F59-BF8A-D5A0D8D5B903}"
EndProject
Project("{8BC9CEB8-8B4A-11D0-8D11-00A0C91BC942}") = "KGameCoreSample", "..\KGameCoreSample\KGameCoreSample.vcxproj", "{E4A7116B-A80B-4560-9413-D1D051D178DA}"
EndProject
Project("{8BC9CEB8-8B4A-11D0-8D11-00A0C91BC942}") = "KSampleSprite", "..\KSampleSprite\KSampleSprite.vcxproj", "{A47D87C2-A237-4824-9E66-3FEDB215AFD3}"
EndProject
Project("{8BC9CEB8-8B4A-11D0-8D11-00A0C91BC942}") = "KSampleSprite_0", "..\KSampleSprite_0\KSampleSprite_0.vcxproj", "{F19B97C7-C2B6-489D-83DD-7476D7898BA7}"
EndProject
Project("{8BC9CEB8-8B4A-11D0-8D11-00A0C91BC942}") = "KGameCore", "..\KGameCore\KGameCore.vcxproj", "{CACCDDFA-BA0E-4448-8D44-36DE2CF6B70E}"
EndProject
Project("{8BC9CEB8-8B4A-11D0-8D11-00A0C91BC942}") = "KGameCoreSample1", "..\KGameCoreSample1\KGameCoreSample1.vcxproj", "{C8B95133-E1C7-4A84-A413-D127F813F8A0}"
EndProject
Project("{8BC9CEB8-8B4A-11D0-8D11-00A0C91BC942}") = "KGameCoreSample2", "..\KGameCoreSample2\KGameCoreSample2.vcxproj", "{F6163144-B954-4240-B159-FD1B47E896D9}"
EndProject
Project("{8BC9CEB8-8B4A-11D0-8D11-00A0C91BC942}") = "KTestInput", "..\KTestInput\KTestInput.vcxproj", "{48507CC0-2CD6-4D76-8013-802465C052F9}"
EndProject
Project("{8BC9CEB8-8B4A-11D0-8D11-00A0C91BC942}") = "KTestTimer", "..\KTestTimer\KTestTimer.vcxproj", "{3E9E3E2F-68B4-4794-AAEA-76795E86411E}"
EndProject
Project("{8BC9CEB8-8B4A-11D0-8D11-00A0C91BC942}") = "KTestWriter", "..\KTestWriter\KTestWriter.vcxproj", "{0437B0BC-D949-45ED-97CB-47AC3D1A3C77}"
EndProject
Project("{8BC9CEB8-8B4A-11D0-8D11-00A0C91BC942}") = "KTestDemo", "..\KTestDemo\KTestDemo.vcxproj", "{0AFA2399-2CF6-4C5E-B0DF-C315D60BA4F8}"
EndProject
Project("{8BC9CEB8-8B4A-11D0-8D11-00A0C91BC942}") = "KTestTriangle", "..\KTestTriangle\KTestTriangle.vcxproj", "{1B2BBB2C-B1BB-4EEC-8843-766563240A28}"
EndProject
Project("{8BC9CEB8-8B4A-11D0-8D11-00A0C91BC942}") = "KTestBaseObject", "..\KTestBaseObject\KTestBaseObject.vcxproj", "{612CAF1F-83A6-403D-A56D-9C646692EA02}"
EndProject
Project("{8BC9CEB8-8B4A-11D0-8D11-00A0C91BC942}") = "KTestBaseObjectCore", "..\KTestBaseObjectCore\KTestBaseObjectCore.vcxproj", "{1DEC4F97-F605-4E4C-B584-AB59D61554C6}"
EndProject
Project("{8BC9CEB8-8B4A-11D0-8D11-00A0C91BC942}") = "KTestTexture", "..\KTestTexture\KTestTexture.vcxproj", "{F44B552B-1952-468C-9AB4-04504223AD2D}"
EndProject
Project("{8BC9CEB8-8B4A-11D0-8D11-00A0C91BC942}") = "KTesetTextureManager", "..\KTesetTextureManager\KTesetTextureManager.vcxproj", "{E47A590B-3937-4B76-9C6F-75D5515BB513}"
EndProject
Project("{8BC9CEB8-8B4A-11D0-8D11-00A0C91BC942}") = "KTesetTextureManagerCore", "..\KTesetTextureManagerCore\KTesetTextureManagerCore.vcxproj", "{34C7DACB-D0BF-4854-9A50-794810ABBACB}"
EndProject
Project("{8BC9CEB8-8B4A-11D0-8D11-00A0C91BC942}") = "KTestShaderManager", "..\KTestShaderManager\KTestShaderManager.vcxproj", "{1FD9BEC2-00B3-4AA9-B556-A14F582EBB49}"
EndProject
Project("{8BC9CEB8-8B4A-11D0-8D11-00A0C91BC942}") = "KTestShaderManagerCore", "..\KTestShaderManagerCore\KTestShaderManagerCore.vcxproj", "{9A3EA302-EC88-408D-B72F-E54D08A3C2B7}"
EndProject
Project("{2150E333-8FDC-42A3-9474-1A3956D46DE8}") = "PacMan", "PacMan", "{EEA377C6-E228-474C-80DF-7508396429DC}"
EndProject
Project("{8BC9CEB8-8B4A-11D0-8D11-00A0C91BC942}") = "KTestObject", "..\KTestObject\KTestObject.vcxproj", "{9F68E3A0-F1AA-4DC6-8F76-60737F85E1B4}"
EndProject
Project("{2150E333-8FDC-42A3-9474-1A3956D46DE8}") = "Test", "Test", "{B9F01DF5-4680-4C48-90A9-4557C809FBFE}"
EndProject
Project("{8BC9CEB8-8B4A-11D0-8D11-00A0C91BC942}") = "KTestSound", "..\KTestSound\KTestSound.vcxproj", "{50B44CF1-67ED-4A71-A37C-4072E4A0683B}"
EndProject
Project("{8BC9CEB8-8B4A-11D0-8D11-00A0C91BC942}") = "KTestSoundManager", "..\KTestSoundManager\KTestSoundManager.vcxproj", "{A8A9A8ED-7211-4D1F-ADBE-89162F799315}"
EndProject
Project("{8BC9CEB8-8B4A-11D0-8D11-00A0C91BC942}") = "KTestSoundManagerCore", "..\KTestSoundManagerCore\KTestSoundManagerCore.vcxproj", "{38AC52FE-3F37-4870-8B39-97825CA70FFA}"
EndProject
Project("{8BC9CEB8-8B4A-11D0-8D11-00A0C91BC942}") = "PacManCore", "..\PacManCore\PacManCore.vcxproj", "{F423964B-DF18-4696-A748-0FB785CB26CD}"
EndProject
Project("{8BC9CEB8-8B4A-11D0-8D11-00A0C91BC942}") = "TestPackMan", "..\TestPackMan\TestPackMan.vcxproj", "{324A99E5-3318-4EFD-BCB2-E5935A5428D2}"
	ProjectSection(ProjectDependencies) = postProject
		{F423964B-DF18-4696-A748-0FB785CB26CD} = {F423964B-DF18-4696-A748-0FB785CB26CD}
	EndProjectSection
EndProject
Project("{8BC9CEB8-8B4A-11D0-8D11-00A0C91BC942}") = "KTestSpriteManager", "..\KTestSpriteManager\KTestSpriteManager.vcxproj", "{10A87A38-8E37-481E-83F5-18005B8EC34B}"
EndProject
Project("{8BC9CEB8-8B4A-11D0-8D11-00A0C91BC942}") = "KTestCollision", "..\KTestCollision\KTestCollision.vcxproj", "{28AC8779-747F-402D-802D-8F6404826AEB}"
EndProject
Project("{2150E333-8FDC-42A3-9474-1A3956D46DE8}") = "MyCore", "MyCore", "{0712AED1-D1E7-4AB1-8C47-9F2630C0EDB6}"
EndProject
Project("{8BC9CEB8-8B4A-11D0-8D11-00A0C91BC942}") = "MGameCore", "..\MGameCore\MGameCore.vcxproj", "{064C55F0-4948-43D5-8D08-EA6AD57D8117}"
EndProject
Project("{8BC9CEB8-8B4A-11D0-8D11-00A0C91BC942}") = "KTestSomeThing", "..\KTestSomeThing\KTestSomeThing.vcxproj", "{5127B976-BA56-4AC0-8480-BB4D8AC625FF}"
EndProject
Project("{8BC9CEB8-8B4A-11D0-8D11-00A0C91BC942}") = "Sample", "..\Sample\Sample.vcxproj", "{61EA9395-B6B4-4729-8136-F95A63D432E4}"
EndProject
Project("{8BC9CEB8-8B4A-11D0-8D11-00A0C91BC942}") = "KFBXLoader", "..\KFBXLoader\KFBXLoader.vcxproj", "{5C7F33E7-B2E8-416F-A1EA-A6A5A61019F4}"
EndProject
Global
	GlobalSection(SolutionConfigurationPlatforms) = preSolution
		Debug|ARM = Debug|ARM
		Debug|ARM64 = Debug|ARM64
		Debug|x64 = Debug|x64
		Debug|x86 = Debug|x86
		Release|ARM = Release|ARM
		Release|ARM64 = Release|ARM64
		Release|x64 = Release|x64
		Release|x86 = Release|x86
	EndGlobalSection
	GlobalSection(ProjectConfigurationPlatforms) = postSolution
		{BD1BE331-69FE-4DB8-BEA9-37E20F743566}.Debug|ARM.ActiveCfg = Debug|x64
		{BD1BE331-69FE-4DB8-BEA9-37E20F743566}.Debug|ARM.Build.0 = Debug|x64
		{BD1BE331-69FE-4DB8-BEA9-37E20F743566}.Debug|ARM64.ActiveCfg = Debug|x64
		{BD1BE331-69FE-4DB8-BEA9-37E20F743566}.Debug|ARM64.Build.0 = Debug|x64
		{BD1BE331-69FE-4DB8-BEA9-37E20F743566}.Debug|x64.ActiveCfg = Debug|x64
		{BD1BE331-69FE-4DB8-BEA9-37E20F743566}.Debug|x64.Build.0 = Debug|x64
		{BD1BE331-69FE-4DB8-BEA9-37E20F743566}.Debug|x86.ActiveCfg = Debug|Win32
		{BD1BE331-69FE-4DB8-BEA9-37E20F743566}.Debug|x86.Build.0 = Debug|Win32
		{BD1BE331-69FE-4DB8-BEA9-37E20F743566}.Release|ARM.ActiveCfg = Release|x64
		{BD1BE331-69FE-4DB8-BEA9-37E20F743566}.Release|ARM.Build.0 = Release|x64
		{BD1BE331-69FE-4DB8-BEA9-37E20F743566}.Release|ARM64.ActiveCfg = Release|x64
		{BD1BE331-69FE-4DB8-BEA9-37E20F743566}.Release|ARM64.Build.0 = Release|x64
		{BD1BE331-69FE-4DB8-BEA9-37E20F743566}.Release|x64.ActiveCfg = Release|x64
		{BD1BE331-69FE-4DB8-BEA9-37E20F743566}.Release|x86.ActiveCfg = Release|Win32
		{BD1BE331-69FE-4DB8-BEA9-37E20F743566}.Release|x86.Build.0 = Release|Win32
		{2BA7458F-369C-4480-B875-937886B3BC89}.Debug|ARM.ActiveCfg = Debug|x64
		{2BA7458F-369C-4480-B875-937886B3BC89}.Debug|ARM.Build.0 = Debug|x64
		{2BA7458F-369C-4480-B875-937886B3BC89}.Debug|ARM64.ActiveCfg = Debug|x64
		{2BA7458F-369C-4480-B875-937886B3BC89}.Debug|ARM64.Build.0 = Debug|x64
		{2BA7458F-369C-4480-B875-937886B3BC89}.Debug|x64.ActiveCfg = Debug|x64
		{2BA7458F-369C-4480-B875-937886B3BC89}.Debug|x64.Build.0 = Debug|x64
		{2BA7458F-369C-4480-B875-937886B3BC89}.Debug|x86.ActiveCfg = Debug|Win32
		{2BA7458F-369C-4480-B875-937886B3BC89}.Debug|x86.Build.0 = Debug|Win32
		{2BA7458F-369C-4480-B875-937886B3BC89}.Release|ARM.ActiveCfg = Release|x64
		{2BA7458F-369C-4480-B875-937886B3BC89}.Release|ARM.Build.0 = Release|x64
		{2BA7458F-369C-4480-B875-937886B3BC89}.Release|ARM64.ActiveCfg = Release|x64
		{2BA7458F-369C-4480-B875-937886B3BC89}.Release|ARM64.Build.0 = Release|x64
		{2BA7458F-369C-4480-B875-937886B3BC89}.Release|x64.ActiveCfg = Release|x64
		{2BA7458F-369C-4480-B875-937886B3BC89}.Release|x86.ActiveCfg = Release|Win32
		{2BA7458F-369C-4480-B875-937886B3BC89}.Release|x86.Build.0 = Release|Win32
		{0F5E99CB-1DEA-4C51-8A18-B1462CBFDBE8}.Debug|ARM.ActiveCfg = Debug|x64
		{0F5E99CB-1DEA-4C51-8A18-B1462CBFDBE8}.Debug|ARM.Build.0 = Debug|x64
		{0F5E99CB-1DEA-4C51-8A18-B1462CBFDBE8}.Debug|ARM64.ActiveCfg = Debug|x64
		{0F5E99CB-1DEA-4C51-8A18-B1462CBFDBE8}.Debug|ARM64.Build.0 = Debug|x64
		{0F5E99CB-1DEA-4C51-8A18-B1462CBFDBE8}.Debug|x64.ActiveCfg = Debug|x64
		{0F5E99CB-1DEA-4C51-8A18-B1462CBFDBE8}.Debug|x64.Build.0 = Debug|x64
		{0F5E99CB-1DEA-4C51-8A18-B1462CBFDBE8}.Debug|x86.ActiveCfg = Debug|Win32
		{0F5E99CB-1DEA-4C51-8A18-B1462CBFDBE8}.Debug|x86.Build.0 = Debug|Win32
		{0F5E99CB-1DEA-4C51-8A18-B1462CBFDBE8}.Release|ARM.ActiveCfg = Release|x64
		{0F5E99CB-1DEA-4C51-8A18-B1462CBFDBE8}.Release|ARM.Build.0 = Release|x64
		{0F5E99CB-1DEA-4C51-8A18-B1462CBFDBE8}.Release|ARM64.ActiveCfg = Release|x64
		{0F5E99CB-1DEA-4C51-8A18-B1462CBFDBE8}.Release|ARM64.Build.0 = Release|x64
		{0F5E99CB-1DEA-4C51-8A18-B1462CBFDBE8}.Release|x64.ActiveCfg = Release|x64
		{0F5E99CB-1DEA-4C51-8A18-B1462CBFDBE8}.Release|x86.ActiveCfg = Release|Win32
		{0F5E99CB-1DEA-4C51-8A18-B1462CBFDBE8}.Release|x86.Build.0 = Release|Win32
		{66496B34-B9EF-4D07-B5C3-B3E19314C69D}.Debug|ARM.ActiveCfg = Debug|x64
		{66496B34-B9EF-4D07-B5C3-B3E19314C69D}.Debug|ARM.Build.0 = Debug|x64
		{66496B34-B9EF-4D07-B5C3-B3E19314C69D}.Debug|ARM64.ActiveCfg = Debug|x64
		{66496B34-B9EF-4D07-B5C3-B3E19314C69D}.Debug|ARM64.Build.0 = Debug|x64
		{66496B34-B9EF-4D07-B5C3-B3E19314C69D}.Debug|x64.ActiveCfg = Debug|x64
		{66496B34-B9EF-4D07-B5C3-B3E19314C69D}.Debug|x64.Build.0 = Debug|x64
		{66496B34-B9EF-4D07-B5C3-B3E19314C69D}.Debug|x86.ActiveCfg = Debug|Win32
		{66496B34-B9EF-4D07-B5C3-B3E19314C69D}.Debug|x86.Build.0 = Debug|Win32
		{66496B34-B9EF-4D07-B5C3-B3E19314C69D}.Release|ARM.ActiveCfg = Release|x64
		{66496B34-B9EF-4D07-B5C3-B3E19314C69D}.Release|ARM.Build.0 = Release|x64
		{66496B34-B9EF-4D07-B5C3-B3E19314C69D}.Release|ARM64.ActiveCfg = Release|x64
		{66496B34-B9EF-4D07-B5C3-B3E19314C69D}.Release|ARM64.Build.0 = Release|x64
		{66496B34-B9EF-4D07-B5C3-B3E19314C69D}.Release|x64.ActiveCfg = Release|x64
		{66496B34-B9EF-4D07-B5C3-B3E19314C69D}.Release|x86.ActiveCfg = Release|Win32
		{66496B34-B9EF-4D07-B5C3-B3E19314C69D}.Release|x86.Build.0 = Release|Win32
		{6D38B31B-510F-4BA7-8071-273DFAA3965B}.Debug|ARM.ActiveCfg = Debug|x64
		{6D38B31B-510F-4BA7-8071-273DFAA3965B}.Debug|ARM.Build.0 = Debug|x64
		{6D38B31B-510F-4BA7-8071-273DFAA3965B}.Debug|ARM64.ActiveCfg = Debug|x64
		{6D38B31B-510F-4BA7-8071-273DFAA3965B}.Debug|ARM64.Build.0 = Debug|x64
		{6D38B31B-510F-4BA7-8071-273DFAA3965B}.Debug|x64.ActiveCfg = Debug|x64
		{6D38B31B-510F-4BA7-8071-273DFAA3965B}.Debug|x64.Build.0 = Debug|x64
		{6D38B31B-510F-4BA7-8071-273DFAA3965B}.Debug|x86.ActiveCfg = Debug|Win32
		{6D38B31B-510F-4BA7-8071-273DFAA3965B}.Debug|x86.Build.0 = Debug|Win32
		{6D38B31B-510F-4BA7-8071-273DFAA3965B}.Release|ARM.ActiveCfg = Release|x64
		{6D38B31B-510F-4BA7-8071-273DFAA3965B}.Release|ARM.Build.0 = Release|x64
		{6D38B31B-510F-4BA7-8071-273DFAA3965B}.Release|ARM64.ActiveCfg = Release|x64
		{6D38B31B-510F-4BA7-8071-273DFAA3965B}.Release|ARM64.Build.0 = Release|x64
		{6D38B31B-510F-4BA7-8071-273DFAA3965B}.Release|x64.ActiveCfg = Release|x64
		{6D38B31B-510F-4BA7-8071-273DFAA3965B}.Release|x86.ActiveCfg = Release|Win32
		{6D38B31B-510F-4BA7-8071-273DFAA3965B}.Release|x86.Build.0 = Release|Win32
		{14A0A902-C0F4-4E13-8883-B57592AB5DE9}.Debug|ARM.ActiveCfg = Debug|x64
		{14A0A902-C0F4-4E13-8883-B57592AB5DE9}.Debug|ARM.Build.0 = Debug|x64
		{14A0A902-C0F4-4E13-8883-B57592AB5DE9}.Debug|ARM64.ActiveCfg = Debug|x64
		{14A0A902-C0F4-4E13-8883-B57592AB5DE9}.Debug|ARM64.Build.0 = Debug|x64
		{14A0A902-C0F4-4E13-8883-B57592AB5DE9}.Debug|x64.ActiveCfg = Debug|x64
		{14A0A902-C0F4-4E13-8883-B57592AB5DE9}.Debug|x64.Build.0 = Debug|x64
		{14A0A902-C0F4-4E13-8883-B57592AB5DE9}.Debug|x86.ActiveCfg = Debug|Win32
		{14A0A902-C0F4-4E13-8883-B57592AB5DE9}.Debug|x86.Build.0 = Debug|Win32
		{14A0A902-C0F4-4E13-8883-B57592AB5DE9}.Release|ARM.ActiveCfg = Release|x64
		{14A0A902-C0F4-4E13-8883-B57592AB5DE9}.Release|ARM.Build.0 = Release|x64
		{14A0A902-C0F4-4E13-8883-B57592AB5DE9}.Release|ARM64.ActiveCfg = Release|x64
		{14A0A902-C0F4-4E13-8883-B57592AB5DE9}.Release|ARM64.Build.0 = Release|x64
		{14A0A902-C0F4-4E13-8883-B57592AB5DE9}.Release|x64.ActiveCfg = Release|x64
		{14A0A902-C0F4-4E13-8883-B57592AB5DE9}.Release|x86.ActiveCfg = Release|Win32
		{14A0A902-C0F4-4E13-8883-B57592AB5DE9}.Release|x86.Build.0 = Release|Win32
		{572796F6-A559-4817-9F5B-9107C3563C21}.Debug|ARM.ActiveCfg = Debug|x64
		{572796F6-A559-4817-9F5B-9107C3563C21}.Debug|ARM.Build.0 = Debug|x64
		{572796F6-A559-4817-9F5B-9107C3563C21}.Debug|ARM64.ActiveCfg = Debug|x64
		{572796F6-A559-4817-9F5B-9107C3563C21}.Debug|ARM64.Build.0 = Debug|x64
		{572796F6-A559-4817-9F5B-9107C3563C21}.Debug|x64.ActiveCfg = Debug|x64
		{572796F6-A559-4817-9F5B-9107C3563C21}.Debug|x64.Build.0 = Debug|x64
		{572796F6-A559-4817-9F5B-9107C3563C21}.Debug|x86.ActiveCfg = Debug|Win32
		{572796F6-A559-4817-9F5B-9107C3563C21}.Debug|x86.Build.0 = Debug|Win32
		{572796F6-A559-4817-9F5B-9107C3563C21}.Release|ARM.ActiveCfg = Release|x64
		{572796F6-A559-4817-9F5B-9107C3563C21}.Release|ARM.Build.0 = Release|x64
		{572796F6-A559-4817-9F5B-9107C3563C21}.Release|ARM64.ActiveCfg = Release|x64
		{572796F6-A559-4817-9F5B-9107C3563C21}.Release|ARM64.Build.0 = Release|x64
		{572796F6-A559-4817-9F5B-9107C3563C21}.Release|x64.ActiveCfg = Release|x64
		{572796F6-A559-4817-9F5B-9107C3563C21}.Release|x86.ActiveCfg = Release|Win32
		{572796F6-A559-4817-9F5B-9107C3563C21}.Release|x86.Build.0 = Release|Win32
		{7B87C572-8A6A-478F-8FAE-807134504F8C}.Debug|ARM.ActiveCfg = Debug|x64
		{7B87C572-8A6A-478F-8FAE-807134504F8C}.Debug|ARM.Build.0 = Debug|x64
		{7B87C572-8A6A-478F-8FAE-807134504F8C}.Debug|ARM64.ActiveCfg = Debug|x64
		{7B87C572-8A6A-478F-8FAE-807134504F8C}.Debug|ARM64.Build.0 = Debug|x64
		{7B87C572-8A6A-478F-8FAE-807134504F8C}.Debug|x64.ActiveCfg = Debug|x64
		{7B87C572-8A6A-478F-8FAE-807134504F8C}.Debug|x64.Build.0 = Debug|x64
		{7B87C572-8A6A-478F-8FAE-807134504F8C}.Debug|x86.ActiveCfg = Debug|Win32
		{7B87C572-8A6A-478F-8FAE-807134504F8C}.Debug|x86.Build.0 = Debug|Win32
		{7B87C572-8A6A-478F-8FAE-807134504F8C}.Release|ARM.ActiveCfg = Release|x64
		{7B87C572-8A6A-478F-8FAE-807134504F8C}.Release|ARM.Build.0 = Release|x64
		{7B87C572-8A6A-478F-8FAE-807134504F8C}.Release|ARM64.ActiveCfg = Release|x64
		{7B87C572-8A6A-478F-8FAE-807134504F8C}.Release|ARM64.Build.0 = Release|x64
		{7B87C572-8A6A-478F-8FAE-807134504F8C}.Release|x64.ActiveCfg = Release|x64
		{7B87C572-8A6A-478F-8FAE-807134504F8C}.Release|x86.ActiveCfg = Release|Win32
		{7B87C572-8A6A-478F-8FAE-807134504F8C}.Release|x86.Build.0 = Release|Win32
		{836797C6-A979-4AF3-9EAA-C2F7E6A2C563}.Debug|ARM.ActiveCfg = Debug|x64
		{836797C6-A979-4AF3-9EAA-C2F7E6A2C563}.Debug|ARM.Build.0 = Debug|x64
		{836797C6-A979-4AF3-9EAA-C2F7E6A2C563}.Debug|ARM64.ActiveCfg = Debug|x64
		{836797C6-A979-4AF3-9EAA-C2F7E6A2C563}.Debug|ARM64.Build.0 = Debug|x64
		{836797C6-A979-4AF3-9EAA-C2F7E6A2C563}.Debug|x64.ActiveCfg = Debug|x64
		{836797C6-A979-4AF3-9EAA-C2F7E6A2C563}.Debug|x64.Build.0 = Debug|x64
		{836797C6-A979-4AF3-9EAA-C2F7E6A2C563}.Debug|x86.ActiveCfg = Debug|Win32
		{836797C6-A979-4AF3-9EAA-C2F7E6A2C563}.Debug|x86.Build.0 = Debug|Win32
		{836797C6-A979-4AF3-9EAA-C2F7E6A2C563}.Release|ARM.ActiveCfg = Release|x64
		{836797C6-A979-4AF3-9EAA-C2F7E6A2C563}.Release|ARM.Build.0 = Release|x64
		{836797C6-A979-4AF3-9EAA-C2F7E6A2C563}.Release|ARM64.ActiveCfg = Release|x64
		{836797C6-A979-4AF3-9EAA-C2F7E6A2C563}.Release|ARM64.Build.0 = Release|x64
		{836797C6-A979-4AF3-9EAA-C2F7E6A2C563}.Release|x64.ActiveCfg = Release|x64
		{836797C6-A979-4AF3-9EAA-C2F7E6A2C563}.Release|x86.ActiveCfg = Release|Win32
		{836797C6-A979-4AF3-9EAA-C2F7E6A2C563}.Release|x86.Build.0 = Release|Win32
		{71EE2C0F-8369-443A-AA98-415B34EB4109}.Debug|ARM.ActiveCfg = Debug|x64
		{71EE2C0F-8369-443A-AA98-415B34EB4109}.Debug|ARM.Build.0 = Debug|x64
		{71EE2C0F-8369-443A-AA98-415B34EB4109}.Debug|ARM64.ActiveCfg = Debug|x64
		{71EE2C0F-8369-443A-AA98-415B34EB4109}.Debug|ARM64.Build.0 = Debug|x64
		{71EE2C0F-8369-443A-AA98-415B34EB4109}.Debug|x64.ActiveCfg = Debug|x64
		{71EE2C0F-8369-443A-AA98-415B34EB4109}.Debug|x64.Build.0 = Debug|x64
		{71EE2C0F-8369-443A-AA98-415B34EB4109}.Debug|x86.ActiveCfg = Debug|Win32
		{71EE2C0F-8369-443A-AA98-415B34EB4109}.Debug|x86.Build.0 = Debug|Win32
		{71EE2C0F-8369-443A-AA98-415B34EB4109}.Release|ARM.ActiveCfg = Release|x64
		{71EE2C0F-8369-443A-AA98-415B34EB4109}.Release|ARM.Build.0 = Release|x64
		{71EE2C0F-8369-443A-AA98-415B34EB4109}.Release|ARM64.ActiveCfg = Release|x64
		{71EE2C0F-8369-443A-AA98-415B34EB4109}.Release|ARM64.Build.0 = Release|x64
		{71EE2C0F-8369-443A-AA98-415B34EB4109}.Release|x64.ActiveCfg = Release|x64
		{71EE2C0F-8369-443A-AA98-415B34EB4109}.Release|x86.ActiveCfg = Release|Win32
		{71EE2C0F-8369-443A-AA98-415B34EB4109}.Release|x86.Build.0 = Release|Win32
		{E0B52AE7-E160-4D32-BF3F-910B785E5A8E}.Debug|ARM.ActiveCfg = Debug|x64
		{E0B52AE7-E160-4D32-BF3F-910B785E5A8E}.Debug|ARM.Build.0 = Debug|x64
		{E0B52AE7-E160-4D32-BF3F-910B785E5A8E}.Debug|ARM64.ActiveCfg = Debug|x64
		{E0B52AE7-E160-4D32-BF3F-910B785E5A8E}.Debug|ARM64.Build.0 = Debug|x64
		{E0B52AE7-E160-4D32-BF3F-910B785E5A8E}.Debug|x64.ActiveCfg = Debug|x64
		{E0B52AE7-E160-4D32-BF3F-910B785E5A8E}.Debug|x64.Build.0 = Debug|x64
		{E0B52AE7-E160-4D32-BF3F-910B785E5A8E}.Debug|x86.ActiveCfg = Debug|Win32
		{E0B52AE7-E160-4D32-BF3F-910B785E5A8E}.Debug|x86.Build.0 = Debug|Win32
		{E0B52AE7-E160-4D32-BF3F-910B785E5A8E}.Release|ARM.ActiveCfg = Release|x64
		{E0B52AE7-E160-4D32-BF3F-910B785E5A8E}.Release|ARM.Build.0 = Release|x64
		{E0B52AE7-E160-4D32-BF3F-910B785E5A8E}.Release|ARM64.ActiveCfg = Release|x64
		{E0B52AE7-E160-4D32-BF3F-910B785E5A8E}.Release|ARM64.Build.0 = Release|x64
		{E0B52AE7-E160-4D32-BF3F-910B785E5A8E}.Release|x64.ActiveCfg = Release|x64
		{E0B52AE7-E160-4D32-BF3F-910B785E5A8E}.Release|x86.ActiveCfg = Release|Win32
		{E0B52AE7-E160-4D32-BF3F-910B785E5A8E}.Release|x86.Build.0 = Release|Win32
		{E24BC0D3-F4A7-4A1F-8969-19E85CA31511}.Debug|ARM.ActiveCfg = Debug|x64
		{E24BC0D3-F4A7-4A1F-8969-19E85CA31511}.Debug|ARM.Build.0 = Debug|x64
		{E24BC0D3-F4A7-4A1F-8969-19E85CA31511}.Debug|ARM64.ActiveCfg = Debug|x64
		{E24BC0D3-F4A7-4A1F-8969-19E85CA31511}.Debug|ARM64.Build.0 = Debug|x64
		{E24BC0D3-F4A7-4A1F-8969-19E85CA31511}.Debug|x64.ActiveCfg = Debug|x64
		{E24BC0D3-F4A7-4A1F-8969-19E85CA31511}.Debug|x64.Build.0 = Debug|x64
		{E24BC0D3-F4A7-4A1F-8969-19E85CA31511}.Debug|x86.ActiveCfg = Debug|Win32
		{E24BC0D3-F4A7-4A1F-8969-19E85CA31511}.Debug|x86.Build.0 = Debug|Win32
		{E24BC0D3-F4A7-4A1F-8969-19E85CA31511}.Release|ARM.ActiveCfg = Release|x64
		{E24BC0D3-F4A7-4A1F-8969-19E85CA31511}.Release|ARM.Build.0 = Release|x64
		{E24BC0D3-F4A7-4A1F-8969-19E85CA31511}.Release|ARM64.ActiveCfg = Release|x64
		{E24BC0D3-F4A7-4A1F-8969-19E85CA31511}.Release|ARM64.Build.0 = Release|x64
		{E24BC0D3-F4A7-4A1F-8969-19E85CA31511}.Release|x64.ActiveCfg = Release|x64
		{E24BC0D3-F4A7-4A1F-8969-19E85CA31511}.Release|x86.ActiveCfg = Release|Win32
		{E24BC0D3-F4A7-4A1F-8969-19E85CA31511}.Release|x86.Build.0 = Release|Win32
		{7FC0FFED-4B9E-4E09-95D8-F57FC62AC1AA}.Debug|ARM.ActiveCfg = Debug|x64
		{7FC0FFED-4B9E-4E09-95D8-F57FC62AC1AA}.Debug|ARM.Build.0 = Debug|x64
		{7FC0FFED-4B9E-4E09-95D8-F57FC62AC1AA}.Debug|ARM64.ActiveCfg = Debug|x64
		{7FC0FFED-4B9E-4E09-95D8-F57FC62AC1AA}.Debug|ARM64.Build.0 = Debug|x64
		{7FC0FFED-4B9E-4E09-95D8-F57FC62AC1AA}.Debug|x64.ActiveCfg = Debug|x64
		{7FC0FFED-4B9E-4E09-95D8-F57FC62AC1AA}.Debug|x64.Build.0 = Debug|x64
		{7FC0FFED-4B9E-4E09-95D8-F57FC62AC1AA}.Debug|x86.ActiveCfg = Debug|Win32
		{7FC0FFED-4B9E-4E09-95D8-F57FC62AC1AA}.Debug|x86.Build.0 = Debug|Win32
		{7FC0FFED-4B9E-4E09-95D8-F57FC62AC1AA}.Release|ARM.ActiveCfg = Release|x64
		{7FC0FFED-4B9E-4E09-95D8-F57FC62AC1AA}.Release|ARM.Build.0 = Release|x64
		{7FC0FFED-4B9E-4E09-95D8-F57FC62AC1AA}.Release|ARM64.ActiveCfg = Release|x64
		{7FC0FFED-4B9E-4E09-95D8-F57FC62AC1AA}.Release|ARM64.Build.0 = Release|x64
		{7FC0FFED-4B9E-4E09-95D8-F57FC62AC1AA}.Release|x64.ActiveCfg = Release|x64
		{7FC0FFED-4B9E-4E09-95D8-F57FC62AC1AA}.Release|x86.ActiveCfg = Release|Win32
		{7FC0FFED-4B9E-4E09-95D8-F57FC62AC1AA}.Release|x86.Build.0 = Release|Win32
		{55BAE644-D18C-4F59-BF8A-D5A0D8D5B903}.Debug|ARM.ActiveCfg = Debug|x64
		{55BAE644-D18C-4F59-BF8A-D5A0D8D5B903}.Debug|ARM.Build.0 = Debug|x64
		{55BAE644-D18C-4F59-BF8A-D5A0D8D5B903}.Debug|ARM64.ActiveCfg = Debug|x64
		{55BAE644-D18C-4F59-BF8A-D5A0D8D5B903}.Debug|ARM64.Build.0 = Debug|x64
		{55BAE644-D18C-4F59-BF8A-D5A0D8D5B903}.Debug|x64.ActiveCfg = Debug|x64
		{55BAE644-D18C-4F59-BF8A-D5A0D8D5B903}.Debug|x64.Build.0 = Debug|x64
		{55BAE644-D18C-4F59-BF8A-D5A0D8D5B903}.Debug|x86.ActiveCfg = Debug|Win32
		{55BAE644-D18C-4F59-BF8A-D5A0D8D5B903}.Debug|x86.Build.0 = Debug|Win32
		{55BAE644-D18C-4F59-BF8A-D5A0D8D5B903}.Release|ARM.ActiveCfg = Release|x64
		{55BAE644-D18C-4F59-BF8A-D5A0D8D5B903}.Release|ARM.Build.0 = Release|x64
		{55BAE644-D18C-4F59-BF8A-D5A0D8D5B903}.Release|ARM64.ActiveCfg = Release|x64
		{55BAE644-D18C-4F59-BF8A-D5A0D8D5B903}.Release|ARM64.Build.0 = Release|x64
		{55BAE644-D18C-4F59-BF8A-D5A0D8D5B903}.Release|x64.ActiveCfg = Release|x64
		{55BAE644-D18C-4F59-BF8A-D5A0D8D5B903}.Release|x86.ActiveCfg = Release|Win32
		{55BAE644-D18C-4F59-BF8A-D5A0D8D5B903}.Release|x86.Build.0 = Release|Win32
		{E4A7116B-A80B-4560-9413-D1D051D178DA}.Debug|ARM.ActiveCfg = Debug|Win32
		{E4A7116B-A80B-4560-9413-D1D051D178DA}.Debug|ARM64.ActiveCfg = Debug|Win32
		{E4A7116B-A80B-4560-9413-D1D051D178DA}.Debug|x64.ActiveCfg = Debug|x64
		{E4A7116B-A80B-4560-9413-D1D051D178DA}.Debug|x64.Build.0 = Debug|x64
		{E4A7116B-A80B-4560-9413-D1D051D178DA}.Debug|x86.ActiveCfg = Debug|Win32
		{E4A7116B-A80B-4560-9413-D1D051D178DA}.Debug|x86.Build.0 = Debug|Win32
		{E4A7116B-A80B-4560-9413-D1D051D178DA}.Release|ARM.ActiveCfg = Release|Win32
		{E4A7116B-A80B-4560-9413-D1D051D178DA}.Release|ARM64.ActiveCfg = Release|Win32
		{E4A7116B-A80B-4560-9413-D1D051D178DA}.Release|x64.ActiveCfg = Release|x64
		{E4A7116B-A80B-4560-9413-D1D051D178DA}.Release|x86.ActiveCfg = Release|Win32
		{E4A7116B-A80B-4560-9413-D1D051D178DA}.Release|x86.Build.0 = Release|Win32
		{A47D87C2-A237-4824-9E66-3FEDB215AFD3}.Debug|ARM.ActiveCfg = Debug|x64
		{A47D87C2-A237-4824-9E66-3FEDB215AFD3}.Debug|ARM.Build.0 = Debug|x64
		{A47D87C2-A237-4824-9E66-3FEDB215AFD3}.Debug|ARM64.ActiveCfg = Debug|x64
		{A47D87C2-A237-4824-9E66-3FEDB215AFD3}.Debug|ARM64.Build.0 = Debug|x64
		{A47D87C2-A237-4824-9E66-3FEDB215AFD3}.Debug|x64.ActiveCfg = Debug|x64
		{A47D87C2-A237-4824-9E66-3FEDB215AFD3}.Debug|x64.Build.0 = Debug|x64
		{A47D87C2-A237-4824-9E66-3FEDB215AFD3}.Debug|x86.ActiveCfg = Debug|Win32
		{A47D87C2-A237-4824-9E66-3FEDB215AFD3}.Debug|x86.Build.0 = Debug|Win32
		{A47D87C2-A237-4824-9E66-3FEDB215AFD3}.Release|ARM.ActiveCfg = Release|x64
		{A47D87C2-A237-4824-9E66-3FEDB215AFD3}.Release|ARM.Build.0 = Release|x64
		{A47D87C2-A237-4824-9E66-3FEDB215AFD3}.Release|ARM64.ActiveCfg = Release|x64
		{A47D87C2-A237-4824-9E66-3FEDB215AFD3}.Release|ARM64.Build.0 = Release|x64
		{A47D87C2-A237-4824-9E66-3FEDB215AFD3}.Release|x64.ActiveCfg = Release|x64
		{A47D87C2-A237-4824-9E66-3FEDB215AFD3}.Release|x86.ActiveCfg = Release|Win32
		{A47D87C2-A237-4824-9E66-3FEDB215AFD3}.Release|x86.Build.0 = Release|Win32
		{F19B97C7-C2B6-489D-83DD-7476D7898BA7}.Debug|ARM.ActiveCfg = Debug|x64
		{F19B97C7-C2B6-489D-83DD-7476D7898BA7}.Debug|ARM.Build.0 = Debug|x64
		{F19B97C7-C2B6-489D-83DD-7476D7898BA7}.Debug|ARM64.ActiveCfg = Debug|x64
		{F19B97C7-C2B6-489D-83DD-7476D7898BA7}.Debug|ARM64.Build.0 = Debug|x64
		{F19B97C7-C2B6-489D-83DD-7476D7898BA7}.Debug|x64.ActiveCfg = Debug|x64
		{F19B97C7-C2B6-489D-83DD-7476D7898BA7}.Debug|x64.Build.0 = Debug|x64
		{F19B97C7-C2B6-489D-83DD-7476D7898BA7}.Debug|x86.ActiveCfg = Debug|Win32
		{F19B97C7-C2B6-489D-83DD-7476D7898BA7}.Debug|x86.Build.0 = Debug|Win32
		{F19B97C7-C2B6-489D-83DD-7476D7898BA7}.Release|ARM.ActiveCfg = Release|x64
		{F19B97C7-C2B6-489D-83DD-7476D7898BA7}.Release|ARM.Build.0 = Release|x64
		{F19B97C7-C2B6-489D-83DD-7476D7898BA7}.Release|ARM64.ActiveCfg = Release|x64
		{F19B97C7-C2B6-489D-83DD-7476D7898BA7}.Release|ARM64.Build.0 = Release|x64
		{F19B97C7-C2B6-489D-83DD-7476D7898BA7}.Release|x64.ActiveCfg = Release|x64
		{F19B97C7-C2B6-489D-83DD-7476D7898BA7}.Release|x86.ActiveCfg = Release|Win32
		{F19B97C7-C2B6-489D-83DD-7476D7898BA7}.Release|x86.Build.0 = Release|Win32
		{CACCDDFA-BA0E-4448-8D44-36DE2CF6B70E}.Debug|ARM.ActiveCfg = Debug|x64
		{CACCDDFA-BA0E-4448-8D44-36DE2CF6B70E}.Debug|ARM.Build.0 = Debug|x64
		{CACCDDFA-BA0E-4448-8D44-36DE2CF6B70E}.Debug|ARM64.ActiveCfg = Debug|x64
		{CACCDDFA-BA0E-4448-8D44-36DE2CF6B70E}.Debug|ARM64.Build.0 = Debug|x64
		{CACCDDFA-BA0E-4448-8D44-36DE2CF6B70E}.Debug|x64.ActiveCfg = Debug|x64
		{CACCDDFA-BA0E-4448-8D44-36DE2CF6B70E}.Debug|x64.Build.0 = Debug|x64
		{CACCDDFA-BA0E-4448-8D44-36DE2CF6B70E}.Debug|x86.ActiveCfg = Debug|Win32
		{CACCDDFA-BA0E-4448-8D44-36DE2CF6B70E}.Debug|x86.Build.0 = Debug|Win32
		{CACCDDFA-BA0E-4448-8D44-36DE2CF6B70E}.Release|ARM.ActiveCfg = Release|x64
		{CACCDDFA-BA0E-4448-8D44-36DE2CF6B70E}.Release|ARM.Build.0 = Release|x64
		{CACCDDFA-BA0E-4448-8D44-36DE2CF6B70E}.Release|ARM64.ActiveCfg = Release|x64
		{CACCDDFA-BA0E-4448-8D44-36DE2CF6B70E}.Release|ARM64.Build.0 = Release|x64
		{CACCDDFA-BA0E-4448-8D44-36DE2CF6B70E}.Release|x64.ActiveCfg = Release|x64
		{CACCDDFA-BA0E-4448-8D44-36DE2CF6B70E}.Release|x86.ActiveCfg = Release|Win32
		{CACCDDFA-BA0E-4448-8D44-36DE2CF6B70E}.Release|x86.Build.0 = Release|Win32
		{C8B95133-E1C7-4A84-A413-D127F813F8A0}.Debug|ARM.ActiveCfg = Debug|x64
		{C8B95133-E1C7-4A84-A413-D127F813F8A0}.Debug|ARM.Build.0 = Debug|x64
		{C8B95133-E1C7-4A84-A413-D127F813F8A0}.Debug|ARM64.ActiveCfg = Debug|x64
		{C8B95133-E1C7-4A84-A413-D127F813F8A0}.Debug|ARM64.Build.0 = Debug|x64
		{C8B95133-E1C7-4A84-A413-D127F813F8A0}.Debug|x64.ActiveCfg = Debug|x64
		{C8B95133-E1C7-4A84-A413-D127F813F8A0}.Debug|x64.Build.0 = Debug|x64
		{C8B95133-E1C7-4A84-A413-D127F813F8A0}.Debug|x86.ActiveCfg = Debug|Win32
		{C8B95133-E1C7-4A84-A413-D127F813F8A0}.Debug|x86.Build.0 = Debug|Win32
		{C8B95133-E1C7-4A84-A413-D127F813F8A0}.Release|ARM.ActiveCfg = Release|x64
		{C8B95133-E1C7-4A84-A413-D127F813F8A0}.Release|ARM.Build.0 = Release|x64
		{C8B95133-E1C7-4A84-A413-D127F813F8A0}.Release|ARM64.ActiveCfg = Release|x64
		{C8B95133-E1C7-4A84-A413-D127F813F8A0}.Release|ARM64.Build.0 = Release|x64
		{C8B95133-E1C7-4A84-A413-D127F813F8A0}.Release|x64.ActiveCfg = Release|x64
		{C8B95133-E1C7-4A84-A413-D127F813F8A0}.Release|x86.ActiveCfg = Release|Win32
		{C8B95133-E1C7-4A84-A413-D127F813F8A0}.Release|x86.Build.0 = Release|Win32
		{F6163144-B954-4240-B159-FD1B47E896D9}.Debug|ARM.ActiveCfg = Debug|x64
		{F6163144-B954-4240-B159-FD1B47E896D9}.Debug|ARM.Build.0 = Debug|x64
		{F6163144-B954-4240-B159-FD1B47E896D9}.Debug|ARM64.ActiveCfg = Debug|x64
		{F6163144-B954-4240-B159-FD1B47E896D9}.Debug|ARM64.Build.0 = Debug|x64
		{F6163144-B954-4240-B159-FD1B47E896D9}.Debug|x64.ActiveCfg = Debug|x64
		{F6163144-B954-4240-B159-FD1B47E896D9}.Debug|x64.Build.0 = Debug|x64
		{F6163144-B954-4240-B159-FD1B47E896D9}.Debug|x86.ActiveCfg = Debug|Win32
		{F6163144-B954-4240-B159-FD1B47E896D9}.Debug|x86.Build.0 = Debug|Win32
		{F6163144-B954-4240-B159-FD1B47E896D9}.Release|ARM.ActiveCfg = Release|x64
		{F6163144-B954-4240-B159-FD1B47E896D9}.Release|ARM.Build.0 = Release|x64
		{F6163144-B954-4240-B159-FD1B47E896D9}.Release|ARM64.ActiveCfg = Release|x64
		{F6163144-B954-4240-B159-FD1B47E896D9}.Release|ARM64.Build.0 = Release|x64
		{F6163144-B954-4240-B159-FD1B47E896D9}.Release|x64.ActiveCfg = Release|x64
		{F6163144-B954-4240-B159-FD1B47E896D9}.Release|x86.ActiveCfg = Release|Win32
		{F6163144-B954-4240-B159-FD1B47E896D9}.Release|x86.Build.0 = Release|Win32
		{48507CC0-2CD6-4D76-8013-802465C052F9}.Debug|ARM.ActiveCfg = Debug|x64
		{48507CC0-2CD6-4D76-8013-802465C052F9}.Debug|ARM.Build.0 = Debug|x64
		{48507CC0-2CD6-4D76-8013-802465C052F9}.Debug|ARM64.ActiveCfg = Debug|x64
		{48507CC0-2CD6-4D76-8013-802465C052F9}.Debug|ARM64.Build.0 = Debug|x64
		{48507CC0-2CD6-4D76-8013-802465C052F9}.Debug|x64.ActiveCfg = Debug|x64
		{48507CC0-2CD6-4D76-8013-802465C052F9}.Debug|x64.Build.0 = Debug|x64
		{48507CC0-2CD6-4D76-8013-802465C052F9}.Debug|x86.ActiveCfg = Debug|Win32
		{48507CC0-2CD6-4D76-8013-802465C052F9}.Debug|x86.Build.0 = Debug|Win32
		{48507CC0-2CD6-4D76-8013-802465C052F9}.Release|ARM.ActiveCfg = Release|x64
		{48507CC0-2CD6-4D76-8013-802465C052F9}.Release|ARM.Build.0 = Release|x64
		{48507CC0-2CD6-4D76-8013-802465C052F9}.Release|ARM64.ActiveCfg = Release|x64
		{48507CC0-2CD6-4D76-8013-802465C052F9}.Release|ARM64.Build.0 = Release|x64
		{48507CC0-2CD6-4D76-8013-802465C052F9}.Release|x64.ActiveCfg = Release|x64
		{48507CC0-2CD6-4D76-8013-802465C052F9}.Release|x86.ActiveCfg = Release|Win32
		{48507CC0-2CD6-4D76-8013-802465C052F9}.Release|x86.Build.0 = Release|Win32
		{3E9E3E2F-68B4-4794-AAEA-76795E86411E}.Debug|ARM.ActiveCfg = Debug|x64
		{3E9E3E2F-68B4-4794-AAEA-76795E86411E}.Debug|ARM.Build.0 = Debug|x64
		{3E9E3E2F-68B4-4794-AAEA-76795E86411E}.Debug|ARM64.ActiveCfg = Debug|x64
		{3E9E3E2F-68B4-4794-AAEA-76795E86411E}.Debug|ARM64.Build.0 = Debug|x64
		{3E9E3E2F-68B4-4794-AAEA-76795E86411E}.Debug|x64.ActiveCfg = Debug|x64
		{3E9E3E2F-68B4-4794-AAEA-76795E86411E}.Debug|x64.Build.0 = Debug|x64
		{3E9E3E2F-68B4-4794-AAEA-76795E86411E}.Debug|x86.ActiveCfg = Debug|Win32
		{3E9E3E2F-68B4-4794-AAEA-76795E86411E}.Debug|x86.Build.0 = Debug|Win32
		{3E9E3E2F-68B4-4794-AAEA-76795E86411E}.Release|ARM.ActiveCfg = Release|x64
		{3E9E3E2F-68B4-4794-AAEA-76795E86411E}.Release|ARM.Build.0 = Release|x64
		{3E9E3E2F-68B4-4794-AAEA-76795E86411E}.Release|ARM64.ActiveCfg = Release|x64
		{3E9E3E2F-68B4-4794-AAEA-76795E86411E}.Release|ARM64.Build.0 = Release|x64
		{3E9E3E2F-68B4-4794-AAEA-76795E86411E}.Release|x64.ActiveCfg = Release|x64
		{3E9E3E2F-68B4-4794-AAEA-76795E86411E}.Release|x86.ActiveCfg = Release|Win32
		{3E9E3E2F-68B4-4794-AAEA-76795E86411E}.Release|x86.Build.0 = Release|Win32
		{0437B0BC-D949-45ED-97CB-47AC3D1A3C77}.Debug|ARM.ActiveCfg = Debug|x64
		{0437B0BC-D949-45ED-97CB-47AC3D1A3C77}.Debug|ARM.Build.0 = Debug|x64
		{0437B0BC-D949-45ED-97CB-47AC3D1A3C77}.Debug|ARM64.ActiveCfg = Debug|x64
		{0437B0BC-D949-45ED-97CB-47AC3D1A3C77}.Debug|ARM64.Build.0 = Debug|x64
		{0437B0BC-D949-45ED-97CB-47AC3D1A3C77}.Debug|x64.ActiveCfg = Debug|x64
		{0437B0BC-D949-45ED-97CB-47AC3D1A3C77}.Debug|x64.Build.0 = Debug|x64
		{0437B0BC-D949-45ED-97CB-47AC3D1A3C77}.Debug|x86.ActiveCfg = Debug|Win32
		{0437B0BC-D949-45ED-97CB-47AC3D1A3C77}.Debug|x86.Build.0 = Debug|Win32
		{0437B0BC-D949-45ED-97CB-47AC3D1A3C77}.Release|ARM.ActiveCfg = Release|x64
		{0437B0BC-D949-45ED-97CB-47AC3D1A3C77}.Release|ARM.Build.0 = Release|x64
		{0437B0BC-D949-45ED-97CB-47AC3D1A3C77}.Release|ARM64.ActiveCfg = Release|x64
		{0437B0BC-D949-45ED-97CB-47AC3D1A3C77}.Release|ARM64.Build.0 = Release|x64
		{0437B0BC-D949-45ED-97CB-47AC3D1A3C77}.Release|x64.ActiveCfg = Release|x64
		{0437B0BC-D949-45ED-97CB-47AC3D1A3C77}.Release|x86.ActiveCfg = Release|Win32
		{0437B0BC-D949-45ED-97CB-47AC3D1A3C77}.Release|x86.Build.0 = Release|Win32
		{0AFA2399-2CF6-4C5E-B0DF-C315D60BA4F8}.Debug|ARM.ActiveCfg = Debug|x64
		{0AFA2399-2CF6-4C5E-B0DF-C315D60BA4F8}.Debug|ARM.Build.0 = Debug|x64
		{0AFA2399-2CF6-4C5E-B0DF-C315D60BA4F8}.Debug|ARM64.ActiveCfg = Debug|x64
		{0AFA2399-2CF6-4C5E-B0DF-C315D60BA4F8}.Debug|ARM64.Build.0 = Debug|x64
		{0AFA2399-2CF6-4C5E-B0DF-C315D60BA4F8}.Debug|x64.ActiveCfg = Debug|x64
		{0AFA2399-2CF6-4C5E-B0DF-C315D60BA4F8}.Debug|x64.Build.0 = Debug|x64
		{0AFA2399-2CF6-4C5E-B0DF-C315D60BA4F8}.Debug|x86.ActiveCfg = Debug|Win32
		{0AFA2399-2CF6-4C5E-B0DF-C315D60BA4F8}.Debug|x86.Build.0 = Debug|Win32
		{0AFA2399-2CF6-4C5E-B0DF-C315D60BA4F8}.Release|ARM.ActiveCfg = Release|x64
		{0AFA2399-2CF6-4C5E-B0DF-C315D60BA4F8}.Release|ARM.Build.0 = Release|x64
		{0AFA2399-2CF6-4C5E-B0DF-C315D60BA4F8}.Release|ARM64.ActiveCfg = Release|x64
		{0AFA2399-2CF6-4C5E-B0DF-C315D60BA4F8}.Release|ARM64.Build.0 = Release|x64
		{0AFA2399-2CF6-4C5E-B0DF-C315D60BA4F8}.Release|x64.ActiveCfg = Release|x64
		{0AFA2399-2CF6-4C5E-B0DF-C315D60BA4F8}.Release|x86.ActiveCfg = Release|Win32
		{0AFA2399-2CF6-4C5E-B0DF-C315D60BA4F8}.Release|x86.Build.0 = Release|Win32
		{1B2BBB2C-B1BB-4EEC-8843-766563240A28}.Debug|ARM.ActiveCfg = Debug|x64
		{1B2BBB2C-B1BB-4EEC-8843-766563240A28}.Debug|ARM.Build.0 = Debug|x64
		{1B2BBB2C-B1BB-4EEC-8843-766563240A28}.Debug|ARM64.ActiveCfg = Debug|x64
		{1B2BBB2C-B1BB-4EEC-8843-766563240A28}.Debug|ARM64.Build.0 = Debug|x64
		{1B2BBB2C-B1BB-4EEC-8843-766563240A28}.Debug|x64.ActiveCfg = Debug|x64
		{1B2BBB2C-B1BB-4EEC-8843-766563240A28}.Debug|x64.Build.0 = Debug|x64
		{1B2BBB2C-B1BB-4EEC-8843-766563240A28}.Debug|x86.ActiveCfg = Debug|Win32
		{1B2BBB2C-B1BB-4EEC-8843-766563240A28}.Debug|x86.Build.0 = Debug|Win32
		{1B2BBB2C-B1BB-4EEC-8843-766563240A28}.Release|ARM.ActiveCfg = Release|x64
		{1B2BBB2C-B1BB-4EEC-8843-766563240A28}.Release|ARM.Build.0 = Release|x64
		{1B2BBB2C-B1BB-4EEC-8843-766563240A28}.Release|ARM64.ActiveCfg = Release|x64
		{1B2BBB2C-B1BB-4EEC-8843-766563240A28}.Release|ARM64.Build.0 = Release|x64
		{1B2BBB2C-B1BB-4EEC-8843-766563240A28}.Release|x64.ActiveCfg = Release|x64
		{1B2BBB2C-B1BB-4EEC-8843-766563240A28}.Release|x86.ActiveCfg = Release|Win32
		{1B2BBB2C-B1BB-4EEC-8843-766563240A28}.Release|x86.Build.0 = Release|Win32
		{612CAF1F-83A6-403D-A56D-9C646692EA02}.Debug|ARM.ActiveCfg = Debug|x64
		{612CAF1F-83A6-403D-A56D-9C646692EA02}.Debug|ARM.Build.0 = Debug|x64
		{612CAF1F-83A6-403D-A56D-9C646692EA02}.Debug|ARM64.ActiveCfg = Debug|x64
		{612CAF1F-83A6-403D-A56D-9C646692EA02}.Debug|ARM64.Build.0 = Debug|x64
		{612CAF1F-83A6-403D-A56D-9C646692EA02}.Debug|x64.ActiveCfg = Debug|x64
		{612CAF1F-83A6-403D-A56D-9C646692EA02}.Debug|x64.Build.0 = Debug|x64
		{612CAF1F-83A6-403D-A56D-9C646692EA02}.Debug|x86.ActiveCfg = Debug|Win32
		{612CAF1F-83A6-403D-A56D-9C646692EA02}.Debug|x86.Build.0 = Debug|Win32
		{612CAF1F-83A6-403D-A56D-9C646692EA02}.Release|ARM.ActiveCfg = Release|x64
		{612CAF1F-83A6-403D-A56D-9C646692EA02}.Release|ARM.Build.0 = Release|x64
		{612CAF1F-83A6-403D-A56D-9C646692EA02}.Release|ARM64.ActiveCfg = Release|x64
		{612CAF1F-83A6-403D-A56D-9C646692EA02}.Release|ARM64.Build.0 = Release|x64
		{612CAF1F-83A6-403D-A56D-9C646692EA02}.Release|x64.ActiveCfg = Release|x64
		{612CAF1F-83A6-403D-A56D-9C646692EA02}.Release|x86.ActiveCfg = Release|Win32
		{612CAF1F-83A6-403D-A56D-9C646692EA02}.Release|x86.Build.0 = Release|Win32
		{1DEC4F97-F605-4E4C-B584-AB59D61554C6}.Debug|ARM.ActiveCfg = Debug|x64
		{1DEC4F97-F605-4E4C-B584-AB59D61554C6}.Debug|ARM.Build.0 = Debug|x64
		{1DEC4F97-F605-4E4C-B584-AB59D61554C6}.Debug|ARM64.ActiveCfg = Debug|x64
		{1DEC4F97-F605-4E4C-B584-AB59D61554C6}.Debug|ARM64.Build.0 = Debug|x64
		{1DEC4F97-F605-4E4C-B584-AB59D61554C6}.Debug|x64.ActiveCfg = Debug|x64
		{1DEC4F97-F605-4E4C-B584-AB59D61554C6}.Debug|x64.Build.0 = Debug|x64
		{1DEC4F97-F605-4E4C-B584-AB59D61554C6}.Debug|x86.ActiveCfg = Debug|Win32
		{1DEC4F97-F605-4E4C-B584-AB59D61554C6}.Debug|x86.Build.0 = Debug|Win32
		{1DEC4F97-F605-4E4C-B584-AB59D61554C6}.Release|ARM.ActiveCfg = Release|x64
		{1DEC4F97-F605-4E4C-B584-AB59D61554C6}.Release|ARM.Build.0 = Release|x64
		{1DEC4F97-F605-4E4C-B584-AB59D61554C6}.Release|ARM64.ActiveCfg = Release|x64
		{1DEC4F97-F605-4E4C-B584-AB59D61554C6}.Release|ARM64.Build.0 = Release|x64
		{1DEC4F97-F605-4E4C-B584-AB59D61554C6}.Release|x64.ActiveCfg = Release|x64
		{1DEC4F97-F605-4E4C-B584-AB59D61554C6}.Release|x86.ActiveCfg = Release|Win32
		{1DEC4F97-F605-4E4C-B584-AB59D61554C6}.Release|x86.Build.0 = Release|Win32
		{F44B552B-1952-468C-9AB4-04504223AD2D}.Debug|ARM.ActiveCfg = Debug|x64
		{F44B552B-1952-468C-9AB4-04504223AD2D}.Debug|ARM.Build.0 = Debug|x64
		{F44B552B-1952-468C-9AB4-04504223AD2D}.Debug|ARM64.ActiveCfg = Debug|x64
		{F44B552B-1952-468C-9AB4-04504223AD2D}.Debug|ARM64.Build.0 = Debug|x64
		{F44B552B-1952-468C-9AB4-04504223AD2D}.Debug|x64.ActiveCfg = Debug|x64
		{F44B552B-1952-468C-9AB4-04504223AD2D}.Debug|x64.Build.0 = Debug|x64
		{F44B552B-1952-468C-9AB4-04504223AD2D}.Debug|x86.ActiveCfg = Debug|Win32
		{F44B552B-1952-468C-9AB4-04504223AD2D}.Debug|x86.Build.0 = Debug|Win32
		{F44B552B-1952-468C-9AB4-04504223AD2D}.Release|ARM.ActiveCfg = Release|x64
		{F44B552B-1952-468C-9AB4-04504223AD2D}.Release|ARM.Build.0 = Release|x64
		{F44B552B-1952-468C-9AB4-04504223AD2D}.Release|ARM64.ActiveCfg = Release|x64
		{F44B552B-1952-468C-9AB4-04504223AD2D}.Release|ARM64.Build.0 = Release|x64
		{F44B552B-1952-468C-9AB4-04504223AD2D}.Release|x64.ActiveCfg = Release|x64
		{F44B552B-1952-468C-9AB4-04504223AD2D}.Release|x86.ActiveCfg = Release|Win32
		{F44B552B-1952-468C-9AB4-04504223AD2D}.Release|x86.Build.0 = Release|Win32
		{E47A590B-3937-4B76-9C6F-75D5515BB513}.Debug|ARM.ActiveCfg = Debug|Win32
		{E47A590B-3937-4B76-9C6F-75D5515BB513}.Debug|ARM64.ActiveCfg = Debug|Win32
		{E47A590B-3937-4B76-9C6F-75D5515BB513}.Debug|x64.ActiveCfg = Debug|x64
		{E47A590B-3937-4B76-9C6F-75D5515BB513}.Debug|x64.Build.0 = Debug|x64
		{E47A590B-3937-4B76-9C6F-75D5515BB513}.Debug|x86.ActiveCfg = Debug|Win32
		{E47A590B-3937-4B76-9C6F-75D5515BB513}.Debug|x86.Build.0 = Debug|Win32
		{E47A590B-3937-4B76-9C6F-75D5515BB513}.Release|ARM.ActiveCfg = Release|Win32
		{E47A590B-3937-4B76-9C6F-75D5515BB513}.Release|ARM64.ActiveCfg = Release|Win32
		{E47A590B-3937-4B76-9C6F-75D5515BB513}.Release|x64.ActiveCfg = Release|x64
		{E47A590B-3937-4B76-9C6F-75D5515BB513}.Release|x86.ActiveCfg = Release|Win32
		{E47A590B-3937-4B76-9C6F-75D5515BB513}.Release|x86.Build.0 = Release|Win32
		{34C7DACB-D0BF-4854-9A50-794810ABBACB}.Debug|ARM.ActiveCfg = Debug|Win32
		{34C7DACB-D0BF-4854-9A50-794810ABBACB}.Debug|ARM64.ActiveCfg = Debug|Win32
		{34C7DACB-D0BF-4854-9A50-794810ABBACB}.Debug|x64.ActiveCfg = Debug|x64
		{34C7DACB-D0BF-4854-9A50-794810ABBACB}.Debug|x64.Build.0 = Debug|x64
		{34C7DACB-D0BF-4854-9A50-794810ABBACB}.Debug|x86.ActiveCfg = Debug|Win32
		{34C7DACB-D0BF-4854-9A50-794810ABBACB}.Debug|x86.Build.0 = Debug|Win32
		{34C7DACB-D0BF-4854-9A50-794810ABBACB}.Release|ARM.ActiveCfg = Release|Win32
		{34C7DACB-D0BF-4854-9A50-794810ABBACB}.Release|ARM64.ActiveCfg = Release|Win32
		{34C7DACB-D0BF-4854-9A50-794810ABBACB}.Release|x64.ActiveCfg = Release|x64
		{34C7DACB-D0BF-4854-9A50-794810ABBACB}.Release|x86.ActiveCfg = Release|Win32
		{34C7DACB-D0BF-4854-9A50-794810ABBACB}.Release|x86.Build.0 = Release|Win32
		{1FD9BEC2-00B3-4AA9-B556-A14F582EBB49}.Debug|ARM.ActiveCfg = Debug|x64
		{1FD9BEC2-00B3-4AA9-B556-A14F582EBB49}.Debug|ARM.Build.0 = Debug|x64
		{1FD9BEC2-00B3-4AA9-B556-A14F582EBB49}.Debug|ARM64.ActiveCfg = Debug|x64
		{1FD9BEC2-00B3-4AA9-B556-A14F582EBB49}.Debug|ARM64.Build.0 = Debug|x64
		{1FD9BEC2-00B3-4AA9-B556-A14F582EBB49}.Debug|x64.ActiveCfg = Debug|x64
		{1FD9BEC2-00B3-4AA9-B556-A14F582EBB49}.Debug|x64.Build.0 = Debug|x64
		{1FD9BEC2-00B3-4AA9-B556-A14F582EBB49}.Debug|x86.ActiveCfg = Debug|Win32
		{1FD9BEC2-00B3-4AA9-B556-A14F582EBB49}.Debug|x86.Build.0 = Debug|Win32
		{1FD9BEC2-00B3-4AA9-B556-A14F582EBB49}.Release|ARM.ActiveCfg = Release|x64
		{1FD9BEC2-00B3-4AA9-B556-A14F582EBB49}.Release|ARM.Build.0 = Release|x64
		{1FD9BEC2-00B3-4AA9-B556-A14F582EBB49}.Release|ARM64.ActiveCfg = Release|x64
		{1FD9BEC2-00B3-4AA9-B556-A14F582EBB49}.Release|ARM64.Build.0 = Release|x64
		{1FD9BEC2-00B3-4AA9-B556-A14F582EBB49}.Release|x64.ActiveCfg = Release|x64
		{1FD9BEC2-00B3-4AA9-B556-A14F582EBB49}.Release|x86.ActiveCfg = Release|Win32
		{1FD9BEC2-00B3-4AA9-B556-A14F582EBB49}.Release|x86.Build.0 = Release|Win32
		{9A3EA302-EC88-408D-B72F-E54D08A3C2B7}.Debug|ARM.ActiveCfg = Debug|x64
		{9A3EA302-EC88-408D-B72F-E54D08A3C2B7}.Debug|ARM.Build.0 = Debug|x64
		{9A3EA302-EC88-408D-B72F-E54D08A3C2B7}.Debug|ARM64.ActiveCfg = Debug|x64
		{9A3EA302-EC88-408D-B72F-E54D08A3C2B7}.Debug|ARM64.Build.0 = Debug|x64
		{9A3EA302-EC88-408D-B72F-E54D08A3C2B7}.Debug|x64.ActiveCfg = Debug|x64
		{9A3EA302-EC88-408D-B72F-E54D08A3C2B7}.Debug|x64.Build.0 = Debug|x64
		{9A3EA302-EC88-408D-B72F-E54D08A3C2B7}.Debug|x86.ActiveCfg = Debug|Win32
		{9A3EA302-EC88-408D-B72F-E54D08A3C2B7}.Debug|x86.Build.0 = Debug|Win32
		{9A3EA302-EC88-408D-B72F-E54D08A3C2B7}.Release|ARM.ActiveCfg = Release|x64
		{9A3EA302-EC88-408D-B72F-E54D08A3C2B7}.Release|ARM.Build.0 = Release|x64
		{9A3EA302-EC88-408D-B72F-E54D08A3C2B7}.Release|ARM64.ActiveCfg = Release|x64
		{9A3EA302-EC88-408D-B72F-E54D08A3C2B7}.Release|ARM64.Build.0 = Release|x64
		{9A3EA302-EC88-408D-B72F-E54D08A3C2B7}.Release|x64.ActiveCfg = Release|x64
		{9A3EA302-EC88-408D-B72F-E54D08A3C2B7}.Release|x86.ActiveCfg = Release|Win32
		{9A3EA302-EC88-408D-B72F-E54D08A3C2B7}.Release|x86.Build.0 = Release|Win32
		{9F68E3A0-F1AA-4DC6-8F76-60737F85E1B4}.Debug|ARM.ActiveCfg = Debug|Win32
		{9F68E3A0-F1AA-4DC6-8F76-60737F85E1B4}.Debug|ARM64.ActiveCfg = Debug|Win32
		{9F68E3A0-F1AA-4DC6-8F76-60737F85E1B4}.Debug|x64.ActiveCfg = Debug|x64
		{9F68E3A0-F1AA-4DC6-8F76-60737F85E1B4}.Debug|x64.Build.0 = Debug|x64
		{9F68E3A0-F1AA-4DC6-8F76-60737F85E1B4}.Debug|x86.ActiveCfg = Debug|Win32
		{9F68E3A0-F1AA-4DC6-8F76-60737F85E1B4}.Debug|x86.Build.0 = Debug|Win32
		{9F68E3A0-F1AA-4DC6-8F76-60737F85E1B4}.Release|ARM.ActiveCfg = Release|Win32
		{9F68E3A0-F1AA-4DC6-8F76-60737F85E1B4}.Release|ARM64.ActiveCfg = Release|Win32
		{9F68E3A0-F1AA-4DC6-8F76-60737F85E1B4}.Release|x64.ActiveCfg = Release|x64
		{9F68E3A0-F1AA-4DC6-8F76-60737F85E1B4}.Release|x86.ActiveCfg = Release|Win32
		{9F68E3A0-F1AA-4DC6-8F76-60737F85E1B4}.Release|x86.Build.0 = Release|Win32
		{50B44CF1-67ED-4A71-A37C-4072E4A0683B}.Debug|ARM.ActiveCfg = Debug|x64
		{50B44CF1-67ED-4A71-A37C-4072E4A0683B}.Debug|ARM.Build.0 = Debug|x64
		{50B44CF1-67ED-4A71-A37C-4072E4A0683B}.Debug|ARM64.ActiveCfg = Debug|x64
		{50B44CF1-67ED-4A71-A37C-4072E4A0683B}.Debug|ARM64.Build.0 = Debug|x64
		{50B44CF1-67ED-4A71-A37C-4072E4A0683B}.Debug|x64.ActiveCfg = Debug|x64
		{50B44CF1-67ED-4A71-A37C-4072E4A0683B}.Debug|x64.Build.0 = Debug|x64
		{50B44CF1-67ED-4A71-A37C-4072E4A0683B}.Debug|x86.ActiveCfg = Debug|Win32
		{50B44CF1-67ED-4A71-A37C-4072E4A0683B}.Debug|x86.Build.0 = Debug|Win32
		{50B44CF1-67ED-4A71-A37C-4072E4A0683B}.Release|ARM.ActiveCfg = Release|x64
		{50B44CF1-67ED-4A71-A37C-4072E4A0683B}.Release|ARM.Build.0 = Release|x64
		{50B44CF1-67ED-4A71-A37C-4072E4A0683B}.Release|ARM64.ActiveCfg = Release|x64
		{50B44CF1-67ED-4A71-A37C-4072E4A0683B}.Release|ARM64.Build.0 = Release|x64
		{50B44CF1-67ED-4A71-A37C-4072E4A0683B}.Release|x64.ActiveCfg = Release|x64
		{50B44CF1-67ED-4A71-A37C-4072E4A0683B}.Release|x86.ActiveCfg = Release|Win32
		{50B44CF1-67ED-4A71-A37C-4072E4A0683B}.Release|x86.Build.0 = Release|Win32
		{A8A9A8ED-7211-4D1F-ADBE-89162F799315}.Debug|ARM.ActiveCfg = Debug|x64
		{A8A9A8ED-7211-4D1F-ADBE-89162F799315}.Debug|ARM.Build.0 = Debug|x64
		{A8A9A8ED-7211-4D1F-ADBE-89162F799315}.Debug|ARM64.ActiveCfg = Debug|x64
		{A8A9A8ED-7211-4D1F-ADBE-89162F799315}.Debug|ARM64.Build.0 = Debug|x64
		{A8A9A8ED-7211-4D1F-ADBE-89162F799315}.Debug|x64.ActiveCfg = Debug|x64
		{A8A9A8ED-7211-4D1F-ADBE-89162F799315}.Debug|x64.Build.0 = Debug|x64
		{A8A9A8ED-7211-4D1F-ADBE-89162F799315}.Debug|x86.ActiveCfg = Debug|Win32
		{A8A9A8ED-7211-4D1F-ADBE-89162F799315}.Debug|x86.Build.0 = Debug|Win32
		{A8A9A8ED-7211-4D1F-ADBE-89162F799315}.Release|ARM.ActiveCfg = Release|x64
		{A8A9A8ED-7211-4D1F-ADBE-89162F799315}.Release|ARM.Build.0 = Release|x64
		{A8A9A8ED-7211-4D1F-ADBE-89162F799315}.Release|ARM64.ActiveCfg = Release|x64
		{A8A9A8ED-7211-4D1F-ADBE-89162F799315}.Release|ARM64.Build.0 = Release|x64
		{A8A9A8ED-7211-4D1F-ADBE-89162F799315}.Release|x64.ActiveCfg = Release|x64
		{A8A9A8ED-7211-4D1F-ADBE-89162F799315}.Release|x86.ActiveCfg = Release|Win32
		{A8A9A8ED-7211-4D1F-ADBE-89162F799315}.Release|x86.Build.0 = Release|Win32
		{38AC52FE-3F37-4870-8B39-97825CA70FFA}.Debug|ARM.ActiveCfg = Debug|x64
		{38AC52FE-3F37-4870-8B39-97825CA70FFA}.Debug|ARM.Build.0 = Debug|x64
		{38AC52FE-3F37-4870-8B39-97825CA70FFA}.Debug|ARM64.ActiveCfg = Debug|x64
		{38AC52FE-3F37-4870-8B39-97825CA70FFA}.Debug|ARM64.Build.0 = Debug|x64
		{38AC52FE-3F37-4870-8B39-97825CA70FFA}.Debug|x64.ActiveCfg = Debug|x64
		{38AC52FE-3F37-4870-8B39-97825CA70FFA}.Debug|x64.Build.0 = Debug|x64
		{38AC52FE-3F37-4870-8B39-97825CA70FFA}.Debug|x86.ActiveCfg = Debug|Win32
		{38AC52FE-3F37-4870-8B39-97825CA70FFA}.Debug|x86.Build.0 = Debug|Win32
		{38AC52FE-3F37-4870-8B39-97825CA70FFA}.Release|ARM.ActiveCfg = Release|x64
		{38AC52FE-3F37-4870-8B39-97825CA70FFA}.Release|ARM.Build.0 = Release|x64
		{38AC52FE-3F37-4870-8B39-97825CA70FFA}.Release|ARM64.ActiveCfg = Release|x64
		{38AC52FE-3F37-4870-8B39-97825CA70FFA}.Release|ARM64.Build.0 = Release|x64
		{38AC52FE-3F37-4870-8B39-97825CA70FFA}.Release|x64.ActiveCfg = Release|x64
		{38AC52FE-3F37-4870-8B39-97825CA70FFA}.Release|x86.ActiveCfg = Release|Win32
		{38AC52FE-3F37-4870-8B39-97825CA70FFA}.Release|x86.Build.0 = Release|Win32
		{F423964B-DF18-4696-A748-0FB785CB26CD}.Debug|ARM.ActiveCfg = Debug|Win32
		{F423964B-DF18-4696-A748-0FB785CB26CD}.Debug|ARM64.ActiveCfg = Debug|Win32
		{F423964B-DF18-4696-A748-0FB785CB26CD}.Debug|x64.ActiveCfg = Debug|x64
		{F423964B-DF18-4696-A748-0FB785CB26CD}.Debug|x64.Build.0 = Debug|x64
		{F423964B-DF18-4696-A748-0FB785CB26CD}.Debug|x86.ActiveCfg = Debug|Win32
		{F423964B-DF18-4696-A748-0FB785CB26CD}.Debug|x86.Build.0 = Debug|Win32
		{F423964B-DF18-4696-A748-0FB785CB26CD}.Release|ARM.ActiveCfg = Release|Win32
		{F423964B-DF18-4696-A748-0FB785CB26CD}.Release|ARM64.ActiveCfg = Release|Win32
		{F423964B-DF18-4696-A748-0FB785CB26CD}.Release|x64.ActiveCfg = Release|x64
		{F423964B-DF18-4696-A748-0FB785CB26CD}.Release|x64.Build.0 = Release|x64
		{F423964B-DF18-4696-A748-0FB785CB26CD}.Release|x86.ActiveCfg = Release|Win32
		{F423964B-DF18-4696-A748-0FB785CB26CD}.Release|x86.Build.0 = Release|Win32
		{324A99E5-3318-4EFD-BCB2-E5935A5428D2}.Debug|ARM.ActiveCfg = Debug|Win32
		{324A99E5-3318-4EFD-BCB2-E5935A5428D2}.Debug|ARM64.ActiveCfg = Debug|Win32
		{324A99E5-3318-4EFD-BCB2-E5935A5428D2}.Debug|x64.ActiveCfg = Debug|x64
		{324A99E5-3318-4EFD-BCB2-E5935A5428D2}.Debug|x64.Build.0 = Debug|x64
		{324A99E5-3318-4EFD-BCB2-E5935A5428D2}.Debug|x86.ActiveCfg = Debug|Win32
		{324A99E5-3318-4EFD-BCB2-E5935A5428D2}.Debug|x86.Build.0 = Debug|Win32
		{324A99E5-3318-4EFD-BCB2-E5935A5428D2}.Release|ARM.ActiveCfg = Release|Win32
		{324A99E5-3318-4EFD-BCB2-E5935A5428D2}.Release|ARM64.ActiveCfg = Release|Win32
		{324A99E5-3318-4EFD-BCB2-E5935A5428D2}.Release|x64.ActiveCfg = Release|x64
		{324A99E5-3318-4EFD-BCB2-E5935A5428D2}.Release|x64.Build.0 = Release|x64
		{324A99E5-3318-4EFD-BCB2-E5935A5428D2}.Release|x86.ActiveCfg = Release|Win32
		{324A99E5-3318-4EFD-BCB2-E5935A5428D2}.Release|x86.Build.0 = Release|Win32
		{10A87A38-8E37-481E-83F5-18005B8EC34B}.Debug|ARM.ActiveCfg = Debug|Win32
		{10A87A38-8E37-481E-83F5-18005B8EC34B}.Debug|ARM64.ActiveCfg = Debug|Win32
		{10A87A38-8E37-481E-83F5-18005B8EC34B}.Debug|x64.ActiveCfg = Debug|x64
		{10A87A38-8E37-481E-83F5-18005B8EC34B}.Debug|x64.Build.0 = Debug|x64
		{10A87A38-8E37-481E-83F5-18005B8EC34B}.Debug|x86.ActiveCfg = Debug|Win32
		{10A87A38-8E37-481E-83F5-18005B8EC34B}.Debug|x86.Build.0 = Debug|Win32
		{10A87A38-8E37-481E-83F5-18005B8EC34B}.Release|ARM.ActiveCfg = Release|Win32
		{10A87A38-8E37-481E-83F5-18005B8EC34B}.Release|ARM64.ActiveCfg = Release|Win32
		{10A87A38-8E37-481E-83F5-18005B8EC34B}.Release|x64.ActiveCfg = Release|x64
		{10A87A38-8E37-481E-83F5-18005B8EC34B}.Release|x86.ActiveCfg = Release|Win32
		{10A87A38-8E37-481E-83F5-18005B8EC34B}.Release|x86.Build.0 = Release|Win32
		{28AC8779-747F-402D-802D-8F6404826AEB}.Debug|ARM.ActiveCfg = Debug|Win32
		{28AC8779-747F-402D-802D-8F6404826AEB}.Debug|ARM64.ActiveCfg = Debug|Win32
		{28AC8779-747F-402D-802D-8F6404826AEB}.Debug|x64.ActiveCfg = Debug|x64
		{28AC8779-747F-402D-802D-8F6404826AEB}.Debug|x64.Build.0 = Debug|x64
		{28AC8779-747F-402D-802D-8F6404826AEB}.Debug|x86.ActiveCfg = Debug|Win32
		{28AC8779-747F-402D-802D-8F6404826AEB}.Debug|x86.Build.0 = Debug|Win32
		{28AC8779-747F-402D-802D-8F6404826AEB}.Release|ARM.ActiveCfg = Release|Win32
		{28AC8779-747F-402D-802D-8F6404826AEB}.Release|ARM64.ActiveCfg = Release|Win32
		{28AC8779-747F-402D-802D-8F6404826AEB}.Release|x64.ActiveCfg = Release|x64
		{28AC8779-747F-402D-802D-8F6404826AEB}.Release|x86.ActiveCfg = Release|Win32
		{28AC8779-747F-402D-802D-8F6404826AEB}.Release|x86.Build.0 = Release|Win32
		{064C55F0-4948-43D5-8D08-EA6AD57D8117}.Debug|ARM.ActiveCfg = Debug|Win32
		{064C55F0-4948-43D5-8D08-EA6AD57D8117}.Debug|ARM64.ActiveCfg = Debug|Win32
		{064C55F0-4948-43D5-8D08-EA6AD57D8117}.Debug|x64.ActiveCfg = Debug|x64
		{064C55F0-4948-43D5-8D08-EA6AD57D8117}.Debug|x64.Build.0 = Debug|x64
		{064C55F0-4948-43D5-8D08-EA6AD57D8117}.Debug|x86.ActiveCfg = Debug|Win32
		{064C55F0-4948-43D5-8D08-EA6AD57D8117}.Debug|x86.Build.0 = Debug|Win32
		{064C55F0-4948-43D5-8D08-EA6AD57D8117}.Release|ARM.ActiveCfg = Release|Win32
		{064C55F0-4948-43D5-8D08-EA6AD57D8117}.Release|ARM64.ActiveCfg = Release|Win32
		{064C55F0-4948-43D5-8D08-EA6AD57D8117}.Release|x64.ActiveCfg = Release|x64
		{064C55F0-4948-43D5-8D08-EA6AD57D8117}.Release|x64.Build.0 = Release|x64
		{064C55F0-4948-43D5-8D08-EA6AD57D8117}.Release|x86.ActiveCfg = Release|Win32
		{064C55F0-4948-43D5-8D08-EA6AD57D8117}.Release|x86.Build.0 = Release|Win32
		{5127B976-BA56-4AC0-8480-BB4D8AC625FF}.Debug|ARM.ActiveCfg = Debug|Win32
		{5127B976-BA56-4AC0-8480-BB4D8AC625FF}.Debug|ARM64.ActiveCfg = Debug|Win32
		{5127B976-BA56-4AC0-8480-BB4D8AC625FF}.Debug|x64.ActiveCfg = Debug|x64
		{5127B976-BA56-4AC0-8480-BB4D8AC625FF}.Debug|x64.Build.0 = Debug|x64
		{5127B976-BA56-4AC0-8480-BB4D8AC625FF}.Debug|x86.ActiveCfg = Debug|Win32
		{5127B976-BA56-4AC0-8480-BB4D8AC625FF}.Debug|x86.Build.0 = Debug|Win32
		{5127B976-BA56-4AC0-8480-BB4D8AC625FF}.Release|ARM.ActiveCfg = Release|Win32
		{5127B976-BA56-4AC0-8480-BB4D8AC625FF}.Release|ARM64.ActiveCfg = Release|Win32
		{5127B976-BA56-4AC0-8480-BB4D8AC625FF}.Release|x64.ActiveCfg = Release|x64
		{5127B976-BA56-4AC0-8480-BB4D8AC625FF}.Release|x64.Build.0 = Release|x64
		{5127B976-BA56-4AC0-8480-BB4D8AC625FF}.Release|x86.ActiveCfg = Release|Win32
		{5127B976-BA56-4AC0-8480-BB4D8AC625FF}.Release|x86.Build.0 = Release|Win32
		{61EA9395-B6B4-4729-8136-F95A63D432E4}.Debug|ARM.ActiveCfg = Debug|Win32
		{61EA9395-B6B4-4729-8136-F95A63D432E4}.Debug|ARM64.ActiveCfg = Debug|Win32
		{61EA9395-B6B4-4729-8136-F95A63D432E4}.Debug|x64.ActiveCfg = Debug|x64
		{61EA9395-B6B4-4729-8136-F95A63D432E4}.Debug|x64.Build.0 = Debug|x64
		{61EA9395-B6B4-4729-8136-F95A63D432E4}.Debug|x86.ActiveCfg = Debug|Win32
		{61EA9395-B6B4-4729-8136-F95A63D432E4}.Debug|x86.Build.0 = Debug|Win32
		{61EA9395-B6B4-4729-8136-F95A63D432E4}.Release|ARM.ActiveCfg = Release|Win32
		{61EA9395-B6B4-4729-8136-F95A63D432E4}.Release|ARM64.ActiveCfg = Release|Win32
		{61EA9395-B6B4-4729-8136-F95A63D432E4}.Release|x64.ActiveCfg = Release|x64
		{61EA9395-B6B4-4729-8136-F95A63D432E4}.Release|x64.Build.0 = Release|x64
		{61EA9395-B6B4-4729-8136-F95A63D432E4}.Release|x86.ActiveCfg = Release|Win32
		{61EA9395-B6B4-4729-8136-F95A63D432E4}.Release|x86.Build.0 = Release|Win32
		{5C7F33E7-B2E8-416F-A1EA-A6A5A61019F4}.Debug|ARM.ActiveCfg = Debug|Win32
		{5C7F33E7-B2E8-416F-A1EA-A6A5A61019F4}.Debug|ARM64.ActiveCfg = Debug|Win32
		{5C7F33E7-B2E8-416F-A1EA-A6A5A61019F4}.Debug|x64.ActiveCfg = Debug|x64
		{5C7F33E7-B2E8-416F-A1EA-A6A5A61019F4}.Debug|x64.Build.0 = Debug|x64
		{5C7F33E7-B2E8-416F-A1EA-A6A5A61019F4}.Debug|x86.ActiveCfg = Debug|Win32
		{5C7F33E7-B2E8-416F-A1EA-A6A5A61019F4}.Debug|x86.Build.0 = Debug|Win32
		{5C7F33E7-B2E8-416F-A1EA-A6A5A61019F4}.Release|ARM.ActiveCfg = Release|Win32
		{5C7F33E7-B2E8-416F-A1EA-A6A5A61019F4}.Release|ARM64.ActiveCfg = Release|Win32
		{5C7F33E7-B2E8-416F-A1EA-A6A5A61019F4}.Release|x64.ActiveCfg = Release|x64
		{5C7F33E7-B2E8-416F-A1EA-A6A5A61019F4}.Release|x64.Build.0 = Release|x64
		{5C7F33E7-B2E8-416F-A1EA-A6A5A61019F4}.Release|x86.ActiveCfg = Release|Win32
		{5C7F33E7-B2E8-416F-A1EA-A6A5A61019F4}.Release|x86.Build.0 = Release|Win32
	EndGlobalSection
	GlobalSection(SolutionProperties) = preSolution
		HideSolutionNode = FALSE
	EndGlobalSection
	GlobalSection(NestedProjects) = preSolution
		{2BA7458F-369C-4480-B875-937886B3BC89} = {A70B7A18-2142-47F7-B8A2-994EFA54C8F2}
		{0F5E99CB-1DEA-4C51-8A18-B1462CBFDBE8} = {A70B7A18-2142-47F7-B8A2-994EFA54C8F2}
		{66496B34-B9EF-4D07-B5C3-B3E19314C69D} = {A70B7A18-2142-47F7-B8A2-994EFA54C8F2}
		{6D38B31B-510F-4BA7-8071-273DFAA3965B} = {A70B7A18-2142-47F7-B8A2-994EFA54C8F2}
		{14A0A902-C0F4-4E13-8883-B57592AB5DE9} = {A70B7A18-2142-47F7-B8A2-994EFA54C8F2}
		{572796F6-A559-4817-9F5B-9107C3563C21} = {A70B7A18-2142-47F7-B8A2-994EFA54C8F2}
		{7B87C572-8A6A-478F-8FAE-807134504F8C} = {A70B7A18-2142-47F7-B8A2-994EFA54C8F2}
		{71EE2C0F-8369-443A-AA98-415B34EB4109} = {A70B7A18-2142-47F7-B8A2-994EFA54C8F2}
		{E24BC0D3-F4A7-4A1F-8969-19E85CA31511} = {A70B7A18-2142-47F7-B8A2-994EFA54C8F2}
		{7FC0FFED-4B9E-4E09-95D8-F57FC62AC1AA} = {A70B7A18-2142-47F7-B8A2-994EFA54C8F2}
		{55BAE644-D18C-4F59-BF8A-D5A0D8D5B903} = {A70B7A18-2142-47F7-B8A2-994EFA54C8F2}
		{E4A7116B-A80B-4560-9413-D1D051D178DA} = {A70B7A18-2142-47F7-B8A2-994EFA54C8F2}
		{A47D87C2-A237-4824-9E66-3FEDB215AFD3} = {A70B7A18-2142-47F7-B8A2-994EFA54C8F2}
		{F19B97C7-C2B6-489D-83DD-7476D7898BA7} = {A70B7A18-2142-47F7-B8A2-994EFA54C8F2}
		{C8B95133-E1C7-4A84-A413-D127F813F8A0} = {B9F01DF5-4680-4C48-90A9-4557C809FBFE}
		{F6163144-B954-4240-B159-FD1B47E896D9} = {B9F01DF5-4680-4C48-90A9-4557C809FBFE}
		{48507CC0-2CD6-4D76-8013-802465C052F9} = {B9F01DF5-4680-4C48-90A9-4557C809FBFE}
		{3E9E3E2F-68B4-4794-AAEA-76795E86411E} = {B9F01DF5-4680-4C48-90A9-4557C809FBFE}
		{0437B0BC-D949-45ED-97CB-47AC3D1A3C77} = {B9F01DF5-4680-4C48-90A9-4557C809FBFE}
		{0AFA2399-2CF6-4C5E-B0DF-C315D60BA4F8} = {B9F01DF5-4680-4C48-90A9-4557C809FBFE}
		{1B2BBB2C-B1BB-4EEC-8843-766563240A28} = {B9F01DF5-4680-4C48-90A9-4557C809FBFE}
		{612CAF1F-83A6-403D-A56D-9C646692EA02} = {B9F01DF5-4680-4C48-90A9-4557C809FBFE}
		{1DEC4F97-F605-4E4C-B584-AB59D61554C6} = {B9F01DF5-4680-4C48-90A9-4557C809FBFE}
		{F44B552B-1952-468C-9AB4-04504223AD2D} = {B9F01DF5-4680-4C48-90A9-4557C809FBFE}
		{E47A590B-3937-4B76-9C6F-75D5515BB513} = {B9F01DF5-4680-4C48-90A9-4557C809FBFE}
		{34C7DACB-D0BF-4854-9A50-794810ABBACB} = {B9F01DF5-4680-4C48-90A9-4557C809FBFE}
		{1FD9BEC2-00B3-4AA9-B556-A14F582EBB49} = {B9F01DF5-4680-4C48-90A9-4557C809FBFE}
		{9A3EA302-EC88-408D-B72F-E54D08A3C2B7} = {B9F01DF5-4680-4C48-90A9-4557C809FBFE}
		{A8A9A8ED-7211-4D1F-ADBE-89162F799315} = {B9F01DF5-4680-4C48-90A9-4557C809FBFE}
		{38AC52FE-3F37-4870-8B39-97825CA70FFA} = {B9F01DF5-4680-4C48-90A9-4557C809FBFE}
		{F423964B-DF18-4696-A748-0FB785CB26CD} = {EEA377C6-E228-474C-80DF-7508396429DC}
		{324A99E5-3318-4EFD-BCB2-E5935A5428D2} = {EEA377C6-E228-474C-80DF-7508396429DC}
		{10A87A38-8E37-481E-83F5-18005B8EC34B} = {B9F01DF5-4680-4C48-90A9-4557C809FBFE}
		{064C55F0-4948-43D5-8D08-EA6AD57D8117} = {0712AED1-D1E7-4AB1-8C47-9F2630C0EDB6}
		{61EA9395-B6B4-4729-8136-F95A63D432E4} = {0712AED1-D1E7-4AB1-8C47-9F2630C0EDB6}
	EndGlobalSection
	GlobalSection(ExtensibilityGlobals) = postSolution
		SolutionGuid = {0D752930-2124-40CB-A63C-AC8F0B1893C3}
	EndGlobalSection
EndGlobal
