<?xml version="1.0" encoding="utf-8"?>
<Project ToolsVersion="4.0" xmlns="http://schemas.microsoft.com/developer/msbuild/2003">
  <ItemGroup>
    <None Include="ClassDiagram.cd" />
  </ItemGroup>
  <ItemGroup>
    <Text Include="..\..\data\shader\DefaultObject.txt" />
    <Text Include="..\..\data\shader\DefaultShape.txt" />
    <Text Include="Skinning.txt" />
  </ItemGroup>
  <ItemGroup>
    <Filter Include="헤더 파일">
      <UniqueIdentifier>{c8702027-cc54-4160-b01d-8d833419831d}</UniqueIdentifier>
    </Filter>
    <Filter Include="소스 파일">
      <UniqueIdentifier>{bbb710dd-b31b-4642-b261-7f76328e98e6}</UniqueIdentifier>
    </Filter>
  </ItemGroup>
  <ItemGroup>
    <ClInclude Include="KCharacter.h">
      <Filter>헤더 파일</Filter>
    </ClInclude>
    <ClInclude Include="KFbxFile.h">
      <Filter>헤더 파일</Filter>
    </ClInclude>
    <ClInclude Include="KFbxObject.h">
      <Filter>헤더 파일</Filter>
    </ClInclude>
    <ClInclude Include="Sample.h">
      <Filter>헤더 파일</Filter>
    </ClInclude>
  </ItemGroup>
  <ItemGroup>
    <ClCompile Include="KCharacter.cpp">
      <Filter>소스 파일</Filter>
    </ClCompile>
    <ClCompile Include="KFbxAnimation.cpp">
      <Filter>소스 파일</Filter>
    </ClCompile>
    <ClCompile Include="KFbxFile.cpp">
      <Filter>소스 파일</Filter>
    </ClCompile>
    <ClCompile Include="KFbxObject.cpp">
      <Filter>소스 파일</Filter>
    </ClCompile>
    <ClCompile Include="Sample.cpp">
      <Filter>소스 파일</Filter>
    </ClCompile>
    <ClCompile Include="KFbxLoader.cpp">
      <Filter>소스 파일</Filter>
    </ClCompile>
  </ItemGroup>
</Project>